PODS:
  - AFNetworking (3.2.1):
    - AFNetworking/NSURLSession (= 3.2.1)
    - AFNetworking/Reachability (= 3.2.1)
    - AFNetworking/Security (= 3.2.1)
    - AFNetworking/Serialization (= 3.2.1)
    - AFNetworking/UIKit (= 3.2.1)
  - AFNetworking/NSURLSession (3.2.1):
    - AFNetworking/Reachability
    - AFNetworking/Security
    - AFNetworking/Serialization
  - AFNetworking/Reachability (3.2.1)
  - AFNetworking/Security (3.2.1)
  - AFNetworking/Serialization (3.2.1)
  - AFNetworking/UIKit (3.2.1):
    - AFNetworking/NSURLSession
  - CocoaLumberjack (3.6.0):
    - CocoaLumberjack/Core (= 3.6.0)
  - CocoaLumberjack/Core (3.6.0)

DEPENDENCIES:
  - AFNetworking
  - CocoaLumberjack

SPEC REPOS:
  trunk:
    - AFNetworking
    - CocoaLumberjack

SPEC CHECKSUMS:
  AFNetworking: b6f891fdfaed196b46c7a83cf209e09697b94057
  CocoaLumberjack: 78b0c238666f4f58db069738ec176f4519557516

PODFILE CHECKSUM: e0fae1c26b185441954090584c5fd212161153fa

COCOAPODS: 1.8.4
