// !$*UTF8*$!
{
	archiveVersion = 1;
	classes = {
	};
	objectVersion = 46;
	objects = {

/* Begin PBXBuildFile section */
		0763A8F4236B0ADD00DF905F /* libReact.a in Frameworks */ = {isa = PBXBuildFile; fileRef = 0763A8D5236B0AD100DF905F /* libReact.a */; };
		0763A8FB236B0D7400DF905F /* libsmartlinklib_v7.a in Frameworks */ = {isa = PBXBuildFile; fileRef = 0763A8FA236B0D7400DF905F /* libsmartlinklib_v7.a */; };
		07CD4D48237290060060C9C7 /* HttpRequest.m in Sources */ = {isa = PBXBuildFile; fileRef = 07CD4D44237290060060C9C7 /* HttpRequest.m */; };
		07CD4D49237290060060C9C7 /* LWBasicNetWorkTools.m in Sources */ = {isa = PBXBuildFile; fileRef = 07CD4D46237290060060C9C7 /* LWBasicNetWorkTools.m */; };
		07CD4D4E2372900F0060C9C7 /* HFSmartLinkDeviceInfo.m in Sources */ = {isa = PBXBuildFile; fileRef = 07CD4D4A2372900F0060C9C7 /* HFSmartLinkDeviceInfo.m */; };
		07CD4D4F2372900F0060C9C7 /* Udpproxy.m in Sources */ = {isa = PBXBuildFile; fileRef = 07CD4D4D2372900F0060C9C7 /* Udpproxy.m */; };
		24780860CCED2911D8AE697F /* libPods-Smartlink.a in Frameworks */ = {isa = PBXBuildFile; fileRef = 66174C32C68B8C15C2F5DF95 /* libPods-Smartlink.a */; };
		B3E7B58A1CC2AC0600A0062D /* Smartlink.m in Sources */ = {isa = PBXBuildFile; fileRef = B3E7B5891CC2AC0600A0062D /* Smartlink.m */; };
/* End PBXBuildFile section */

/* Begin PBXContainerItemProxy section */
		0763A8D4236B0AD100DF905F /* PBXContainerItemProxy */ = {
			isa = PBXContainerItemProxy;
			containerPortal = 0763A8C1236B0AD000DF905F /* React.xcodeproj */;
			proxyType = 2;
			remoteGlobalIDString = 83CBBA2E1A601D0E00E9B192;
			remoteInfo = React;
		};
		0763A8D6236B0AD100DF905F /* PBXContainerItemProxy */ = {
			isa = PBXContainerItemProxy;
			containerPortal = 0763A8C1236B0AD000DF905F /* React.xcodeproj */;
			proxyType = 2;
			remoteGlobalIDString = 2D2A28131D9B038B00D4039D;
			remoteInfo = "React-tvOS";
		};
		0763A8D8236B0AD100DF905F /* PBXContainerItemProxy */ = {
			isa = PBXContainerItemProxy;
			containerPortal = 0763A8C1236B0AD000DF905F /* React.xcodeproj */;
			proxyType = 2;
			remoteGlobalIDString = 3D3C059A1DE3340900C268FA;
			remoteInfo = yoga;
		};
		0763A8DA236B0AD100DF905F /* PBXContainerItemProxy */ = {
			isa = PBXContainerItemProxy;
			containerPortal = 0763A8C1236B0AD000DF905F /* React.xcodeproj */;
			proxyType = 2;
			remoteGlobalIDString = 3D3C06751DE3340C00C268FA;
			remoteInfo = "yoga-tvOS";
		};
		0763A8DC236B0AD100DF905F /* PBXContainerItemProxy */ = {
			isa = PBXContainerItemProxy;
			containerPortal = 0763A8C1236B0AD000DF905F /* React.xcodeproj */;
			proxyType = 2;
			remoteGlobalIDString = 3D3CD9251DE5FBEC00167DC4;
			remoteInfo = cxxreact;
		};
		0763A8DE236B0AD100DF905F /* PBXContainerItemProxy */ = {
			isa = PBXContainerItemProxy;
			containerPortal = 0763A8C1236B0AD000DF905F /* React.xcodeproj */;
			proxyType = 2;
			remoteGlobalIDString = 3D3CD9321DE5FBEE00167DC4;
			remoteInfo = "cxxreact-tvOS";
		};
		0763A8E0236B0AD100DF905F /* PBXContainerItemProxy */ = {
			isa = PBXContainerItemProxy;
			containerPortal = 0763A8C1236B0AD000DF905F /* React.xcodeproj */;
			proxyType = 2;
			remoteGlobalIDString = EBF21BDC1FC498900052F4D5;
			remoteInfo = jsinspector;
		};
		0763A8E2236B0AD100DF905F /* PBXContainerItemProxy */ = {
			isa = PBXContainerItemProxy;
			containerPortal = 0763A8C1236B0AD000DF905F /* React.xcodeproj */;
			proxyType = 2;
			remoteGlobalIDString = EBF21BFA1FC4989A0052F4D5;
			remoteInfo = "jsinspector-tvOS";
		};
		0763A8E4236B0AD100DF905F /* PBXContainerItemProxy */ = {
			isa = PBXContainerItemProxy;
			containerPortal = 0763A8C1236B0AD000DF905F /* React.xcodeproj */;
			proxyType = 2;
			remoteGlobalIDString = 139D7ECE1E25DB7D00323FB7;
			remoteInfo = "third-party";
		};
		0763A8E6236B0AD100DF905F /* PBXContainerItemProxy */ = {
			isa = PBXContainerItemProxy;
			containerPortal = 0763A8C1236B0AD000DF905F /* React.xcodeproj */;
			proxyType = 2;
			remoteGlobalIDString = 3D383D3C1EBD27B6005632C8;
			remoteInfo = "third-party-tvOS";
		};
		0763A8E8236B0AD100DF905F /* PBXContainerItemProxy */ = {
			isa = PBXContainerItemProxy;
			containerPortal = 0763A8C1236B0AD000DF905F /* React.xcodeproj */;
			proxyType = 2;
			remoteGlobalIDString = 139D7E881E25C6D100323FB7;
			remoteInfo = "double-conversion";
		};
		0763A8EA236B0AD100DF905F /* PBXContainerItemProxy */ = {
			isa = PBXContainerItemProxy;
			containerPortal = 0763A8C1236B0AD000DF905F /* React.xcodeproj */;
			proxyType = 2;
			remoteGlobalIDString = 3D383D621EBD27B9005632C8;
			remoteInfo = "double-conversion-tvOS";
		};
		0763A8EC236B0AD100DF905F /* PBXContainerItemProxy */ = {
			isa = PBXContainerItemProxy;
			containerPortal = 0763A8C1236B0AD000DF905F /* React.xcodeproj */;
			proxyType = 2;
			remoteGlobalIDString = EDEBC6D6214B3E7000DD5AC8;
			remoteInfo = jsi;
		};
		0763A8EE236B0AD100DF905F /* PBXContainerItemProxy */ = {
			isa = PBXContainerItemProxy;
			containerPortal = 0763A8C1236B0AD000DF905F /* React.xcodeproj */;
			proxyType = 2;
			remoteGlobalIDString = EDEBC73B214B45A300DD5AC8;
			remoteInfo = jsiexecutor;
		};
		0763A8F0236B0AD100DF905F /* PBXContainerItemProxy */ = {
			isa = PBXContainerItemProxy;
			containerPortal = 0763A8C1236B0AD000DF905F /* React.xcodeproj */;
			proxyType = 2;
			remoteGlobalIDString = ED296FB6214C9A0900B7C4FE;
			remoteInfo = "jsi-tvOS";
		};
		0763A8F2236B0AD100DF905F /* PBXContainerItemProxy */ = {
			isa = PBXContainerItemProxy;
			containerPortal = 0763A8C1236B0AD000DF905F /* React.xcodeproj */;
			proxyType = 2;
			remoteGlobalIDString = ED296FEE214C9CF800B7C4FE;
			remoteInfo = "jsiexecutor-tvOS";
		};
/* End PBXContainerItemProxy section */

/* Begin PBXCopyFilesBuildPhase section */
		58B511D91A9E6C8500147676 /* CopyFiles */ = {
			isa = PBXCopyFilesBuildPhase;
			buildActionMask = 2147483647;
			dstPath = "include/$(PRODUCT_NAME)";
			dstSubfolderSpec = 16;
			files = (
			);
			runOnlyForDeploymentPostprocessing = 0;
		};
/* End PBXCopyFilesBuildPhase section */

/* Begin PBXFileReference section */
		0763A8C1236B0AD000DF905F /* React.xcodeproj */ = {isa = PBXFileReference; lastKnownFileType = "wrapper.pb-project"; name = React.xcodeproj; path = "../node_modules/react-native/React/React.xcodeproj"; sourceTree = "<group>"; };
		0763A8F5236B0B1400DF905F /* HFSmartLink.h */ = {isa = PBXFileReference; fileEncoding = 4; lastKnownFileType = sourcecode.c.h; path = HFSmartLink.h; sourceTree = SOURCE_ROOT; };
		0763A8FA236B0D7400DF905F /* libsmartlinklib_v7.a */ = {isa = PBXFileReference; lastKnownFileType = archive.ar; path = libsmartlinklib_v7.a; sourceTree = "<group>"; };
		07CD4D44237290060060C9C7 /* HttpRequest.m */ = {isa = PBXFileReference; fileEncoding = 4; lastKnownFileType = sourcecode.c.objc; name = HttpRequest.m; path = LWHttp/HttpRequest.m; sourceTree = "<group>"; };
		07CD4D45237290060060C9C7 /* HttpRequest.h */ = {isa = PBXFileReference; fileEncoding = 4; lastKnownFileType = sourcecode.c.h; name = HttpRequest.h; path = LWHttp/HttpRequest.h; sourceTree = "<group>"; };
		07CD4D46237290060060C9C7 /* LWBasicNetWorkTools.m */ = {isa = PBXFileReference; fileEncoding = 4; lastKnownFileType = sourcecode.c.objc; name = LWBasicNetWorkTools.m; path = LWHttp/LWBasicNetWorkTools.m; sourceTree = "<group>"; };
		07CD4D47237290060060C9C7 /* LWBasicNetWorkTools.h */ = {isa = PBXFileReference; fileEncoding = 4; lastKnownFileType = sourcecode.c.h; name = LWBasicNetWorkTools.h; path = LWHttp/LWBasicNetWorkTools.h; sourceTree = "<group>"; };
		07CD4D4A2372900F0060C9C7 /* HFSmartLinkDeviceInfo.m */ = {isa = PBXFileReference; fileEncoding = 4; lastKnownFileType = sourcecode.c.objc; name = HFSmartLinkDeviceInfo.m; path = Model/HFSmartLinkDeviceInfo.m; sourceTree = "<group>"; };
		07CD4D4B2372900F0060C9C7 /* HFSmartLinkDeviceInfo.h */ = {isa = PBXFileReference; fileEncoding = 4; lastKnownFileType = sourcecode.c.h; name = HFSmartLinkDeviceInfo.h; path = Model/HFSmartLinkDeviceInfo.h; sourceTree = "<group>"; };
		07CD4D4C2372900F0060C9C7 /* Udpproxy.h */ = {isa = PBXFileReference; fileEncoding = 4; lastKnownFileType = sourcecode.c.h; name = Udpproxy.h; path = Model/Udpproxy.h; sourceTree = "<group>"; };
		07CD4D4D2372900F0060C9C7 /* Udpproxy.m */ = {isa = PBXFileReference; fileEncoding = 4; lastKnownFileType = sourcecode.c.objc; name = Udpproxy.m; path = Model/Udpproxy.m; sourceTree = "<group>"; };
		07F195AF23728DC5008820B1 /* SimplePingHelper.h */ = {isa = PBXFileReference; lastKnownFileType = sourcecode.c.h; path = SimplePingHelper.h; sourceTree = "<group>"; };
		07F195B023728DC5008820B1 /* SimplePing.h */ = {isa = PBXFileReference; lastKnownFileType = sourcecode.c.h; path = SimplePing.h; sourceTree = "<group>"; };
		07F195B223728DC5008820B1 /* NSDictionary+LWExtension.h */ = {isa = PBXFileReference; lastKnownFileType = sourcecode.c.h; path = "NSDictionary+LWExtension.h"; sourceTree = "<group>"; };
		07F195B323728DC5008820B1 /* UIButton+LWUnderlineButton.h */ = {isa = PBXFileReference; lastKnownFileType = sourcecode.c.h; path = "UIButton+LWUnderlineButton.h"; sourceTree = "<group>"; };
		07F195B423728DC5008820B1 /* UIView+LWFrame.h */ = {isa = PBXFileReference; lastKnownFileType = sourcecode.c.h; path = "UIView+LWFrame.h"; sourceTree = "<group>"; };
		07F195B523728DC5008820B1 /* UIImageView+LWColorAtPixel.m */ = {isa = PBXFileReference; lastKnownFileType = sourcecode.c.objc; path = "UIImageView+LWColorAtPixel.m"; sourceTree = "<group>"; };
		07F195B623728DC5008820B1 /* UIView+LWQuickControl.h */ = {isa = PBXFileReference; lastKnownFileType = sourcecode.c.h; path = "UIView+LWQuickControl.h"; sourceTree = "<group>"; };
		07F195B723728DC5008820B1 /* NSData+LWData.h */ = {isa = PBXFileReference; lastKnownFileType = sourcecode.c.h; path = "NSData+LWData.h"; sourceTree = "<group>"; };
		07F195B823728DC5008820B1 /* UIButton+LWUnderlineButton.m */ = {isa = PBXFileReference; lastKnownFileType = sourcecode.c.objc; path = "UIButton+LWUnderlineButton.m"; sourceTree = "<group>"; };
		07F195B923728DC5008820B1 /* NSDictionary+LWExtension.m */ = {isa = PBXFileReference; lastKnownFileType = sourcecode.c.objc; path = "NSDictionary+LWExtension.m"; sourceTree = "<group>"; };
		07F195BA23728DC5008820B1 /* UIImageView+LWColorAtPixel.h */ = {isa = PBXFileReference; lastKnownFileType = sourcecode.c.h; path = "UIImageView+LWColorAtPixel.h"; sourceTree = "<group>"; };
		07F195BB23728DC5008820B1 /* UIView+LWFrame.m */ = {isa = PBXFileReference; lastKnownFileType = sourcecode.c.objc; path = "UIView+LWFrame.m"; sourceTree = "<group>"; };
		07F195BC23728DC5008820B1 /* NSData+LWData.m */ = {isa = PBXFileReference; lastKnownFileType = sourcecode.c.objc; path = "NSData+LWData.m"; sourceTree = "<group>"; };
		07F195BE23728DC5008820B1 /* UIView+LWQuickControl.m */ = {isa = PBXFileReference; lastKnownFileType = sourcecode.c.objc; path = "UIView+LWQuickControl.m"; sourceTree = "<group>"; };
		07F195C023728DC5008820B1 /* Base64.h */ = {isa = PBXFileReference; lastKnownFileType = sourcecode.c.h; path = Base64.h; sourceTree = "<group>"; };
		07F195C223728DC5008820B1 /* NSString+Hash.m */ = {isa = PBXFileReference; lastKnownFileType = sourcecode.c.objc; path = "NSString+Hash.m"; sourceTree = "<group>"; };
		07F195C323728DC5008820B1 /* NSString+Hash.h */ = {isa = PBXFileReference; lastKnownFileType = sourcecode.c.h; path = "NSString+Hash.h"; sourceTree = "<group>"; };
		07F195C423728DC5008820B1 /* CocoaSecurity.h */ = {isa = PBXFileReference; lastKnownFileType = sourcecode.c.h; path = CocoaSecurity.h; sourceTree = "<group>"; };
		07F195C623728DC5008820B1 /* RSA.m */ = {isa = PBXFileReference; lastKnownFileType = sourcecode.c.objc; path = RSA.m; sourceTree = "<group>"; };
		07F195C723728DC5008820B1 /* RSA.h */ = {isa = PBXFileReference; lastKnownFileType = sourcecode.c.h; path = RSA.h; sourceTree = "<group>"; };
		07F195C823728DC5008820B1 /* Base64.m */ = {isa = PBXFileReference; lastKnownFileType = sourcecode.c.objc; path = Base64.m; sourceTree = "<group>"; };
		07F195CA23728DC5008820B1 /* NSString+Encryption.m */ = {isa = PBXFileReference; lastKnownFileType = sourcecode.c.objc; path = "NSString+Encryption.m"; sourceTree = "<group>"; };
		07F195CB23728DC5008820B1 /* NSString+Encryption.h */ = {isa = PBXFileReference; lastKnownFileType = sourcecode.c.h; path = "NSString+Encryption.h"; sourceTree = "<group>"; };
		07F195CC23728DC5008820B1 /* CocoaSecurity.m */ = {isa = PBXFileReference; lastKnownFileType = sourcecode.c.objc; path = CocoaSecurity.m; sourceTree = "<group>"; };
		07F195CD23728DC5008820B1 /* ScanLAN.m */ = {isa = PBXFileReference; lastKnownFileType = sourcecode.c.objc; path = ScanLAN.m; sourceTree = "<group>"; };
		07F195CE23728DC5008820B1 /* LWMacroDefinition.h */ = {isa = PBXFileReference; lastKnownFileType = sourcecode.c.h; path = LWMacroDefinition.h; sourceTree = "<group>"; };
		07F195CF23728DC5008820B1 /* LWNSHelper.h */ = {isa = PBXFileReference; lastKnownFileType = sourcecode.c.h; path = LWNSHelper.h; sourceTree = "<group>"; };
		07F195D023728DC5008820B1 /* SimplePingHelper.m */ = {isa = PBXFileReference; lastKnownFileType = sourcecode.c.objc; path = SimplePingHelper.m; sourceTree = "<group>"; };
		07F195D123728DC5008820B1 /* ScanLAN.h */ = {isa = PBXFileReference; lastKnownFileType = sourcecode.c.h; path = ScanLAN.h; sourceTree = "<group>"; };
		07F195D323728DC5008820B1 /* LWButton.m */ = {isa = PBXFileReference; lastKnownFileType = sourcecode.c.objc; path = LWButton.m; sourceTree = "<group>"; };
		07F195D423728DC5008820B1 /* LWButton.h */ = {isa = PBXFileReference; lastKnownFileType = sourcecode.c.h; path = LWButton.h; sourceTree = "<group>"; };
		07F195D523728DC5008820B1 /* SimplePing.m */ = {isa = PBXFileReference; lastKnownFileType = sourcecode.c.objc; path = SimplePing.m; sourceTree = "<group>"; };
		07F195D723728DC5008820B1 /* HHLogFormatter.m */ = {isa = PBXFileReference; lastKnownFileType = sourcecode.c.objc; path = HHLogFormatter.m; sourceTree = "<group>"; };
		07F195D823728DC5008820B1 /* LDLog.m */ = {isa = PBXFileReference; lastKnownFileType = sourcecode.c.objc; path = LDLog.m; sourceTree = "<group>"; };
		07F195D923728DC5008820B1 /* HHLogFormatter.h */ = {isa = PBXFileReference; lastKnownFileType = sourcecode.c.h; path = HHLogFormatter.h; sourceTree = "<group>"; };
		07F195DA23728DC5008820B1 /* LDLog.h */ = {isa = PBXFileReference; lastKnownFileType = sourcecode.c.h; path = LDLog.h; sourceTree = "<group>"; };
		07F195DB23728DC5008820B1 /* LWControlHeader.h */ = {isa = PBXFileReference; lastKnownFileType = sourcecode.c.h; path = LWControlHeader.h; sourceTree = "<group>"; };
		07F195DD23728DC5008820B1 /* AsyncUdpSocket.m */ = {isa = PBXFileReference; lastKnownFileType = sourcecode.c.objc; path = AsyncUdpSocket.m; sourceTree = "<group>"; };
		07F195DE23728DC5008820B1 /* AsyncUdpSocket.h */ = {isa = PBXFileReference; lastKnownFileType = sourcecode.c.h; path = AsyncUdpSocket.h; sourceTree = "<group>"; };
		07F195DF23728DC5008820B1 /* LWNSHelper.m */ = {isa = PBXFileReference; lastKnownFileType = sourcecode.c.objc; path = LWNSHelper.m; sourceTree = "<group>"; };
		134814201AA4EA6300B7C361 /* libSmartlink.a */ = {isa = PBXFileReference; explicitFileType = archive.ar; includeInIndex = 0; path = libSmartlink.a; sourceTree = BUILT_PRODUCTS_DIR; };
		393A9E69746D2CC38EFE543B /* Pods-Smartlink.release.xcconfig */ = {isa = PBXFileReference; includeInIndex = 1; lastKnownFileType = text.xcconfig; name = "Pods-Smartlink.release.xcconfig"; path = "Target Support Files/Pods-Smartlink/Pods-Smartlink.release.xcconfig"; sourceTree = "<group>"; };
		4958243A93F91E4B774D0276 /* Pods-Smartlink.debug.xcconfig */ = {isa = PBXFileReference; includeInIndex = 1; lastKnownFileType = text.xcconfig; name = "Pods-Smartlink.debug.xcconfig"; path = "Target Support Files/Pods-Smartlink/Pods-Smartlink.debug.xcconfig"; sourceTree = "<group>"; };
		66174C32C68B8C15C2F5DF95 /* libPods-Smartlink.a */ = {isa = PBXFileReference; explicitFileType = archive.ar; includeInIndex = 0; path = "libPods-Smartlink.a"; sourceTree = BUILT_PRODUCTS_DIR; };
		B3E7B5881CC2AC0600A0062D /* Smartlink.h */ = {isa = PBXFileReference; fileEncoding = 4; lastKnownFileType = sourcecode.c.h; path = Smartlink.h; sourceTree = SOURCE_ROOT; };
		B3E7B5891CC2AC0600A0062D /* Smartlink.m */ = {isa = PBXFileReference; fileEncoding = 4; lastKnownFileType = sourcecode.c.objc; path = Smartlink.m; sourceTree = SOURCE_ROOT; };
/* End PBXFileReference section */

/* Begin PBXFrameworksBuildPhase section */
		58B511D81A9E6C8500147676 /* Frameworks */ = {
			isa = PBXFrameworksBuildPhase;
			buildActionMask = 2147483647;
			files = (
				0763A8FB236B0D7400DF905F /* libsmartlinklib_v7.a in Frameworks */,
				0763A8F4236B0ADD00DF905F /* libReact.a in Frameworks */,
				24780860CCED2911D8AE697F /* libPods-Smartlink.a in Frameworks */,
			);
			runOnlyForDeploymentPostprocessing = 0;
		};
/* End PBXFrameworksBuildPhase section */

/* Begin PBXGroup section */
		0763A8BE236B0A1600DF905F /* Frameworks */ = {
			isa = PBXGroup;
			children = (
				0763A8FA236B0D7400DF905F /* libsmartlinklib_v7.a */,
				66174C32C68B8C15C2F5DF95 /* libPods-Smartlink.a */,
			);
			name = Frameworks;
			sourceTree = "<group>";
		};
		0763A8C2236B0AD000DF905F /* Products */ = {
			isa = PBXGroup;
			children = (
				0763A8D5236B0AD100DF905F /* libReact.a */,
				0763A8D7236B0AD100DF905F /* libReact.a */,
				0763A8D9236B0AD100DF905F /* libyoga.a */,
				0763A8DB236B0AD100DF905F /* libyoga.a */,
				0763A8DD236B0AD100DF905F /* libcxxreact.a */,
				0763A8DF236B0AD100DF905F /* libcxxreact.a */,
				0763A8E1236B0AD100DF905F /* libjsinspector.a */,
				0763A8E3236B0AD100DF905F /* libjsinspector-tvOS.a */,
				0763A8E5236B0AD100DF905F /* libthird-party.a */,
				0763A8E7236B0AD100DF905F /* libthird-party.a */,
				0763A8E9236B0AD100DF905F /* libdouble-conversion.a */,
				0763A8EB236B0AD100DF905F /* libdouble-conversion.a */,
				0763A8ED236B0AD100DF905F /* libjsi.a */,
				0763A8EF236B0AD100DF905F /* libjsiexecutor.a */,
				0763A8F1236B0AD100DF905F /* libjsi-tvOS.a */,
				0763A8F3236B0AD100DF905F /* libjsiexecutor-tvOS.a */,
			);
			name = Products;
			sourceTree = "<group>";
		};
		07F195AE23728DC5008820B1 /* WenControl */ = {
			isa = PBXGroup;
			children = (
				07F195AF23728DC5008820B1 /* SimplePingHelper.h */,
				07F195B023728DC5008820B1 /* SimplePing.h */,
				07F195B123728DC5008820B1 /* category */,
				07F195BF23728DC5008820B1 /* Encryptions */,
				07F195CD23728DC5008820B1 /* ScanLAN.m */,
				07F195CE23728DC5008820B1 /* LWMacroDefinition.h */,
				07F195CF23728DC5008820B1 /* LWNSHelper.h */,
				07F195D023728DC5008820B1 /* SimplePingHelper.m */,
				07F195D123728DC5008820B1 /* ScanLAN.h */,
				07F195D223728DC5008820B1 /* view */,
				07F195D523728DC5008820B1 /* SimplePing.m */,
				07F195D623728DC5008820B1 /* Log */,
				07F195DB23728DC5008820B1 /* LWControlHeader.h */,
				07F195DC23728DC5008820B1 /* Socket */,
				07F195DF23728DC5008820B1 /* LWNSHelper.m */,
			);
			path = WenControl;
			sourceTree = SOURCE_ROOT;
		};
		07F195B123728DC5008820B1 /* category */ = {
			isa = PBXGroup;
			children = (
				07F195B223728DC5008820B1 /* NSDictionary+LWExtension.h */,
				07F195B323728DC5008820B1 /* UIButton+LWUnderlineButton.h */,
				07F195B423728DC5008820B1 /* UIView+LWFrame.h */,
				07F195B523728DC5008820B1 /* UIImageView+LWColorAtPixel.m */,
				07F195B623728DC5008820B1 /* UIView+LWQuickControl.h */,
				07F195B723728DC5008820B1 /* NSData+LWData.h */,
				07F195B823728DC5008820B1 /* UIButton+LWUnderlineButton.m */,
				07F195B923728DC5008820B1 /* NSDictionary+LWExtension.m */,
				07F195BA23728DC5008820B1 /* UIImageView+LWColorAtPixel.h */,
				07F195BB23728DC5008820B1 /* UIView+LWFrame.m */,
				07F195BC23728DC5008820B1 /* NSData+LWData.m */,
				07F195BD23728DC5008820B1 /* GTM */,
				07F195BE23728DC5008820B1 /* UIView+LWQuickControl.m */,
			);
			path = category;
			sourceTree = "<group>";
		};
		07F195BD23728DC5008820B1 /* GTM */ = {
			isa = PBXGroup;
			children = (
			);
			path = GTM;
			sourceTree = "<group>";
		};
		07F195BF23728DC5008820B1 /* Encryptions */ = {
			isa = PBXGroup;
			children = (
				07F195C023728DC5008820B1 /* Base64.h */,
				07F195C123728DC5008820B1 /* Hash */,
				07F195C423728DC5008820B1 /* CocoaSecurity.h */,
				07F195C523728DC5008820B1 /* RSAEncrypt */,
				07F195C823728DC5008820B1 /* Base64.m */,
				07F195C923728DC5008820B1 /* NSString+Encryption */,
				07F195CC23728DC5008820B1 /* CocoaSecurity.m */,
			);
			path = Encryptions;
			sourceTree = "<group>";
		};
		07F195C123728DC5008820B1 /* Hash */ = {
			isa = PBXGroup;
			children = (
				07F195C223728DC5008820B1 /* NSString+Hash.m */,
				07F195C323728DC5008820B1 /* NSString+Hash.h */,
			);
			path = Hash;
			sourceTree = "<group>";
		};
		07F195C523728DC5008820B1 /* RSAEncrypt */ = {
			isa = PBXGroup;
			children = (
				07F195C623728DC5008820B1 /* RSA.m */,
				07F195C723728DC5008820B1 /* RSA.h */,
			);
			path = RSAEncrypt;
			sourceTree = "<group>";
		};
		07F195C923728DC5008820B1 /* NSString+Encryption */ = {
			isa = PBXGroup;
			children = (
				07F195CA23728DC5008820B1 /* NSString+Encryption.m */,
				07F195CB23728DC5008820B1 /* NSString+Encryption.h */,
			);
			path = "NSString+Encryption";
			sourceTree = "<group>";
		};
		07F195D223728DC5008820B1 /* view */ = {
			isa = PBXGroup;
			children = (
				07F195D323728DC5008820B1 /* LWButton.m */,
				07F195D423728DC5008820B1 /* LWButton.h */,
			);
			path = view;
			sourceTree = "<group>";
		};
		07F195D623728DC5008820B1 /* Log */ = {
			isa = PBXGroup;
			children = (
				07F195D723728DC5008820B1 /* HHLogFormatter.m */,
				07F195D823728DC5008820B1 /* LDLog.m */,
				07F195D923728DC5008820B1 /* HHLogFormatter.h */,
				07F195DA23728DC5008820B1 /* LDLog.h */,
			);
			path = Log;
			sourceTree = "<group>";
		};
		07F195DC23728DC5008820B1 /* Socket */ = {
			isa = PBXGroup;
			children = (
				07F195DD23728DC5008820B1 /* AsyncUdpSocket.m */,
				07F195DE23728DC5008820B1 /* AsyncUdpSocket.h */,
			);
			path = Socket;
			sourceTree = "<group>";
		};
		07F195F723728F37008820B1 /* Model */ = {
			isa = PBXGroup;
			children = (
				07CD4D4B2372900F0060C9C7 /* HFSmartLinkDeviceInfo.h */,
				07CD4D4A2372900F0060C9C7 /* HFSmartLinkDeviceInfo.m */,
				07CD4D4C2372900F0060C9C7 /* Udpproxy.h */,
				07CD4D4D2372900F0060C9C7 /* Udpproxy.m */,
			);
			name = Model;
			sourceTree = "<group>";
		};
		07F1960823728F45008820B1 /* LWHttp */ = {
			isa = PBXGroup;
			children = (
				07CD4D45237290060060C9C7 /* HttpRequest.h */,
				07CD4D44237290060060C9C7 /* HttpRequest.m */,
				07CD4D47237290060060C9C7 /* LWBasicNetWorkTools.h */,
				07CD4D46237290060060C9C7 /* LWBasicNetWorkTools.m */,
			);
			name = LWHttp;
			sourceTree = "<group>";
		};
		134814211AA4EA7D00B7C361 /* Products */ = {
			isa = PBXGroup;
			children = (
				134814201AA4EA6300B7C361 /* libSmartlink.a */,
			);
			name = Products;
			sourceTree = "<group>";
		};
		58B511D21A9E6C8500147676 = {
			isa = PBXGroup;
			children = (
				07F1960823728F45008820B1 /* LWHttp */,
				07F195F723728F37008820B1 /* Model */,
				07F195AE23728DC5008820B1 /* WenControl */,
				0763A8BE236B0A1600DF905F /* Frameworks */,
				0763A8F5236B0B1400DF905F /* HFSmartLink.h */,
				134814211AA4EA7D00B7C361 /* Products */,
				0763A8C1236B0AD000DF905F /* React.xcodeproj */,
				B3E7B5881CC2AC0600A0062D /* Smartlink.h */,
				B3E7B5891CC2AC0600A0062D /* Smartlink.m */,
				C9A1F2A8BC309CFCF5E2B8F5 /* Pods */,
			);
			sourceTree = "<group>";
		};
		C9A1F2A8BC309CFCF5E2B8F5 /* Pods */ = {
			isa = PBXGroup;
			children = (
				4958243A93F91E4B774D0276 /* Pods-Smartlink.debug.xcconfig */,
				393A9E69746D2CC38EFE543B /* Pods-Smartlink.release.xcconfig */,
			);
			path = Pods;
			sourceTree = "<group>";
		};
/* End PBXGroup section */

/* Begin PBXNativeTarget section */
		58B511DA1A9E6C8500147676 /* Smartlink */ = {
			isa = PBXNativeTarget;
			buildConfigurationList = 58B511EF1A9E6C8500147676 /* Build configuration list for PBXNativeTarget "Smartlink" */;
			buildPhases = (
				0F4CE0DABFD35A90124DFC64 /* [CP] Check Pods Manifest.lock */,
				58B511D71A9E6C8500147676 /* Sources */,
				58B511D81A9E6C8500147676 /* Frameworks */,
				58B511D91A9E6C8500147676 /* CopyFiles */,
			);
			buildRules = (
			);
			dependencies = (
			);
			name = Smartlink;
			productName = RCTDataManager;
			productReference = 134814201AA4EA6300B7C361 /* libSmartlink.a */;
			productType = "com.apple.product-type.library.static";
		};
/* End PBXNativeTarget section */

/* Begin PBXProject section */
		58B511D31A9E6C8500147676 /* Project object */ = {
			isa = PBXProject;
			attributes = {
				LastUpgradeCheck = 0920;
				ORGANIZATIONNAME = Facebook;
				TargetAttributes = {
					58B511DA1A9E6C8500147676 = {
						CreatedOnToolsVersion = 6.1.1;
					};
				};
			};
			buildConfigurationList = 58B511D61A9E6C8500147676 /* Build configuration list for PBXProject "Smartlink" */;
			compatibilityVersion = "Xcode 3.2";
			developmentRegion = English;
			hasScannedForEncodings = 0;
			knownRegions = (
				English,
				en,
			);
			mainGroup = 58B511D21A9E6C8500147676;
			productRefGroup = 58B511D21A9E6C8500147676;
			projectDirPath = "";
			projectReferences = (
				{
					ProductGroup = 0763A8C2236B0AD000DF905F /* Products */;
					ProjectRef = 0763A8C1236B0AD000DF905F /* React.xcodeproj */;
				},
			);
			projectRoot = "";
			targets = (
				58B511DA1A9E6C8500147676 /* Smartlink */,
			);
		};
/* End PBXProject section */

/* Begin PBXReferenceProxy section */
		0763A8D5236B0AD100DF905F /* libReact.a */ = {
			isa = PBXReferenceProxy;
			fileType = archive.ar;
			path = libReact.a;
			remoteRef = 0763A8D4236B0AD100DF905F /* PBXContainerItemProxy */;
			sourceTree = BUILT_PRODUCTS_DIR;
		};
		0763A8D7236B0AD100DF905F /* libReact.a */ = {
			isa = PBXReferenceProxy;
			fileType = archive.ar;
			path = libReact.a;
			remoteRef = 0763A8D6236B0AD100DF905F /* PBXContainerItemProxy */;
			sourceTree = BUILT_PRODUCTS_DIR;
		};
		0763A8D9236B0AD100DF905F /* libyoga.a */ = {
			isa = PBXReferenceProxy;
			fileType = archive.ar;
			path = libyoga.a;
			remoteRef = 0763A8D8236B0AD100DF905F /* PBXContainerItemProxy */;
			sourceTree = BUILT_PRODUCTS_DIR;
		};
		0763A8DB236B0AD100DF905F /* libyoga.a */ = {
			isa = PBXReferenceProxy;
			fileType = archive.ar;
			path = libyoga.a;
			remoteRef = 0763A8DA236B0AD100DF905F /* PBXContainerItemProxy */;
			sourceTree = BUILT_PRODUCTS_DIR;
		};
		0763A8DD236B0AD100DF905F /* libcxxreact.a */ = {
			isa = PBXReferenceProxy;
			fileType = archive.ar;
			path = libcxxreact.a;
			remoteRef = 0763A8DC236B0AD100DF905F /* PBXContainerItemProxy */;
			sourceTree = BUILT_PRODUCTS_DIR;
		};
		0763A8DF236B0AD100DF905F /* libcxxreact.a */ = {
			isa = PBXReferenceProxy;
			fileType = archive.ar;
			path = libcxxreact.a;
			remoteRef = 0763A8DE236B0AD100DF905F /* PBXContainerItemProxy */;
			sourceTree = BUILT_PRODUCTS_DIR;
		};
		0763A8E1236B0AD100DF905F /* libjsinspector.a */ = {
			isa = PBXReferenceProxy;
			fileType = archive.ar;
			path = libjsinspector.a;
			remoteRef = 0763A8E0236B0AD100DF905F /* PBXContainerItemProxy */;
			sourceTree = BUILT_PRODUCTS_DIR;
		};
		0763A8E3236B0AD100DF905F /* libjsinspector-tvOS.a */ = {
			isa = PBXReferenceProxy;
			fileType = archive.ar;
			path = "libjsinspector-tvOS.a";
			remoteRef = 0763A8E2236B0AD100DF905F /* PBXContainerItemProxy */;
			sourceTree = BUILT_PRODUCTS_DIR;
		};
		0763A8E5236B0AD100DF905F /* libthird-party.a */ = {
			isa = PBXReferenceProxy;
			fileType = archive.ar;
			path = "libthird-party.a";
			remoteRef = 0763A8E4236B0AD100DF905F /* PBXContainerItemProxy */;
			sourceTree = BUILT_PRODUCTS_DIR;
		};
		0763A8E7236B0AD100DF905F /* libthird-party.a */ = {
			isa = PBXReferenceProxy;
			fileType = archive.ar;
			path = "libthird-party.a";
			remoteRef = 0763A8E6236B0AD100DF905F /* PBXContainerItemProxy */;
			sourceTree = BUILT_PRODUCTS_DIR;
		};
		0763A8E9236B0AD100DF905F /* libdouble-conversion.a */ = {
			isa = PBXReferenceProxy;
			fileType = archive.ar;
			path = "libdouble-conversion.a";
			remoteRef = 0763A8E8236B0AD100DF905F /* PBXContainerItemProxy */;
			sourceTree = BUILT_PRODUCTS_DIR;
		};
		0763A8EB236B0AD100DF905F /* libdouble-conversion.a */ = {
			isa = PBXReferenceProxy;
			fileType = archive.ar;
			path = "libdouble-conversion.a";
			remoteRef = 0763A8EA236B0AD100DF905F /* PBXContainerItemProxy */;
			sourceTree = BUILT_PRODUCTS_DIR;
		};
		0763A8ED236B0AD100DF905F /* libjsi.a */ = {
			isa = PBXReferenceProxy;
			fileType = archive.ar;
			path = libjsi.a;
			remoteRef = 0763A8EC236B0AD100DF905F /* PBXContainerItemProxy */;
			sourceTree = BUILT_PRODUCTS_DIR;
		};
		0763A8EF236B0AD100DF905F /* libjsiexecutor.a */ = {
			isa = PBXReferenceProxy;
			fileType = archive.ar;
			path = libjsiexecutor.a;
			remoteRef = 0763A8EE236B0AD100DF905F /* PBXContainerItemProxy */;
			sourceTree = BUILT_PRODUCTS_DIR;
		};
		0763A8F1236B0AD100DF905F /* libjsi-tvOS.a */ = {
			isa = PBXReferenceProxy;
			fileType = archive.ar;
			path = "libjsi-tvOS.a";
			remoteRef = 0763A8F0236B0AD100DF905F /* PBXContainerItemProxy */;
			sourceTree = BUILT_PRODUCTS_DIR;
		};
		0763A8F3236B0AD100DF905F /* libjsiexecutor-tvOS.a */ = {
			isa = PBXReferenceProxy;
			fileType = archive.ar;
			path = "libjsiexecutor-tvOS.a";
			remoteRef = 0763A8F2236B0AD100DF905F /* PBXContainerItemProxy */;
			sourceTree = BUILT_PRODUCTS_DIR;
		};
/* End PBXReferenceProxy section */

/* Begin PBXShellScriptBuildPhase section */
		0F4CE0DABFD35A90124DFC64 /* [CP] Check Pods Manifest.lock */ = {
			isa = PBXShellScriptBuildPhase;
			buildActionMask = 2147483647;
			files = (
			);
			inputFileListPaths = (
			);
			inputPaths = (
				"${PODS_PODFILE_DIR_PATH}/Podfile.lock",
				"${PODS_ROOT}/Manifest.lock",
			);
			name = "[CP] Check Pods Manifest.lock";
			outputFileListPaths = (
			);
			outputPaths = (
				"$(DERIVED_FILE_DIR)/Pods-Smartlink-checkManifestLockResult.txt",
			);
			runOnlyForDeploymentPostprocessing = 0;
			shellPath = /bin/sh;
			shellScript = "diff \"${PODS_PODFILE_DIR_PATH}/Podfile.lock\" \"${PODS_ROOT}/Manifest.lock\" > /dev/null\nif [ $? != 0 ] ; then\n    # print error to STDERR\n    echo \"error: The sandbox is not in sync with the Podfile.lock. Run 'pod install' or update your CocoaPods installation.\" >&2\n    exit 1\nfi\n# This output is used by Xcode 'outputs' to avoid re-running this script phase.\necho \"SUCCESS\" > \"${SCRIPT_OUTPUT_FILE_0}\"\n";
			showEnvVarsInLog = 0;
		};
/* End PBXShellScriptBuildPhase section */

/* Begin PBXSourcesBuildPhase section */
		58B511D71A9E6C8500147676 /* Sources */ = {
			isa = PBXSourcesBuildPhase;
			buildActionMask = 2147483647;
			files = (
				B3E7B58A1CC2AC0600A0062D /* Smartlink.m in Sources */,
				07CD4D4E2372900F0060C9C7 /* HFSmartLinkDeviceInfo.m in Sources */,
				07CD4D48237290060060C9C7 /* HttpRequest.m in Sources */,
				07CD4D4F2372900F0060C9C7 /* Udpproxy.m in Sources */,
				07CD4D49237290060060C9C7 /* LWBasicNetWorkTools.m in Sources */,
			);
			runOnlyForDeploymentPostprocessing = 0;
		};
/* End PBXSourcesBuildPhase section */

/* Begin XCBuildConfiguration section */
		58B511ED1A9E6C8500147676 /* Debug */ = {
			isa = XCBuildConfiguration;
			buildSettings = {
				ALWAYS_SEARCH_USER_PATHS = NO;
				CLANG_CXX_LANGUAGE_STANDARD = "gnu++0x";
				CLANG_CXX_LIBRARY = "libc++";
				CLANG_ENABLE_MODULES = YES;
				CLANG_ENABLE_OBJC_ARC = YES;
				CLANG_WARN_BLOCK_CAPTURE_AUTORELEASING = YES;
				CLANG_WARN_BOOL_CONVERSION = YES;
				CLANG_WARN_COMMA = YES;
				CLANG_WARN_CONSTANT_CONVERSION = YES;
				CLANG_WARN_DIRECT_OBJC_ISA_USAGE = YES_ERROR;
				CLANG_WARN_EMPTY_BODY = YES;
				CLANG_WARN_ENUM_CONVERSION = YES;
				CLANG_WARN_INFINITE_RECURSION = YES;
				CLANG_WARN_INT_CONVERSION = YES;
				CLANG_WARN_NON_LITERAL_NULL_CONVERSION = YES;
				CLANG_WARN_OBJC_LITERAL_CONVERSION = YES;
				CLANG_WARN_OBJC_ROOT_CLASS = YES_ERROR;
				CLANG_WARN_RANGE_LOOP_ANALYSIS = YES;
				CLANG_WARN_STRICT_PROTOTYPES = YES;
				CLANG_WARN_SUSPICIOUS_MOVE = YES;
				CLANG_WARN_UNREACHABLE_CODE = YES;
				CLANG_WARN__DUPLICATE_METHOD_MATCH = YES;
				COPY_PHASE_STRIP = NO;
				ENABLE_STRICT_OBJC_MSGSEND = YES;
				ENABLE_TESTABILITY = YES;
				GCC_C_LANGUAGE_STANDARD = gnu99;
				GCC_DYNAMIC_NO_PIC = NO;
				GCC_NO_COMMON_BLOCKS = YES;
				GCC_OPTIMIZATION_LEVEL = 0;
				GCC_PREPROCESSOR_DEFINITIONS = (
					"DEBUG=1",
					"$(inherited)",
				);
				GCC_SYMBOLS_PRIVATE_EXTERN = NO;
				GCC_WARN_64_TO_32_BIT_CONVERSION = YES;
				GCC_WARN_ABOUT_RETURN_TYPE = YES_ERROR;
				GCC_WARN_UNDECLARED_SELECTOR = YES;
				GCC_WARN_UNINITIALIZED_AUTOS = YES_AGGRESSIVE;
				GCC_WARN_UNUSED_FUNCTION = YES;
				GCC_WARN_UNUSED_VARIABLE = YES;
				IPHONEOS_DEPLOYMENT_TARGET = 8.0;
				MTL_ENABLE_DEBUG_INFO = YES;
				ONLY_ACTIVE_ARCH = YES;
				SDKROOT = iphoneos;
				VALID_ARCHS = "arm64 arm64e armv7s";
			};
			name = Debug;
		};
		58B511EE1A9E6C8500147676 /* Release */ = {
			isa = XCBuildConfiguration;
			buildSettings = {
				ALWAYS_SEARCH_USER_PATHS = NO;
				CLANG_CXX_LANGUAGE_STANDARD = "gnu++0x";
				CLANG_CXX_LIBRARY = "libc++";
				CLANG_ENABLE_MODULES = YES;
				CLANG_ENABLE_OBJC_ARC = YES;
				CLANG_WARN_BLOCK_CAPTURE_AUTORELEASING = YES;
				CLANG_WARN_BOOL_CONVERSION = YES;
				CLANG_WARN_COMMA = YES;
				CLANG_WARN_CONSTANT_CONVERSION = YES;
				CLANG_WARN_DIRECT_OBJC_ISA_USAGE = YES_ERROR;
				CLANG_WARN_EMPTY_BODY = YES;
				CLANG_WARN_ENUM_CONVERSION = YES;
				CLANG_WARN_INFINITE_RECURSION = YES;
				CLANG_WARN_INT_CONVERSION = YES;
				CLANG_WARN_NON_LITERAL_NULL_CONVERSION = YES;
				CLANG_WARN_OBJC_LITERAL_CONVERSION = YES;
				CLANG_WARN_OBJC_ROOT_CLASS = YES_ERROR;
				CLANG_WARN_RANGE_LOOP_ANALYSIS = YES;
				CLANG_WARN_STRICT_PROTOTYPES = YES;
				CLANG_WARN_SUSPICIOUS_MOVE = YES;
				CLANG_WARN_UNREACHABLE_CODE = YES;
				CLANG_WARN__DUPLICATE_METHOD_MATCH = YES;
				COPY_PHASE_STRIP = YES;
				ENABLE_NS_ASSERTIONS = NO;
				ENABLE_STRICT_OBJC_MSGSEND = YES;
				GCC_C_LANGUAGE_STANDARD = gnu99;
				GCC_NO_COMMON_BLOCKS = YES;
				GCC_WARN_64_TO_32_BIT_CONVERSION = YES;
				GCC_WARN_ABOUT_RETURN_TYPE = YES_ERROR;
				GCC_WARN_UNDECLARED_SELECTOR = YES;
				GCC_WARN_UNINITIALIZED_AUTOS = YES_AGGRESSIVE;
				GCC_WARN_UNUSED_FUNCTION = YES;
				GCC_WARN_UNUSED_VARIABLE = YES;
				IPHONEOS_DEPLOYMENT_TARGET = 8.0;
				MTL_ENABLE_DEBUG_INFO = NO;
				SDKROOT = iphoneos;
				VALIDATE_PRODUCT = YES;
				VALID_ARCHS = "arm64 arm64e armv7s";
			};
			name = Release;
		};
		58B511F01A9E6C8500147676 /* Debug */ = {
			isa = XCBuildConfiguration;
			baseConfigurationReference = 4958243A93F91E4B774D0276 /* Pods-Smartlink.debug.xcconfig */;
			buildSettings = {
				HEADER_SEARCH_PATHS = (
					"$(inherited)",
					/Applications/Xcode.app/Contents/Developer/Toolchains/XcodeDefault.xctoolchain/usr/include,
					"$(SRCROOT)/../../../React/**",
					"$(SRCROOT)/../../react-native/React/**",
				);
				LIBRARY_SEARCH_PATHS = (
					"$(inherited)",
					"$(PROJECT_DIR)",
				);
				OTHER_LDFLAGS = (
					"-ObjC",
					"$(inherited)",
				);
				PRODUCT_NAME = Smartlink;
				SKIP_INSTALL = YES;
			};
			name = Debug;
		};
		58B511F11A9E6C8500147676 /* Release */ = {
			isa = XCBuildConfiguration;
			baseConfigurationReference = 393A9E69746D2CC38EFE543B /* Pods-Smartlink.release.xcconfig */;
			buildSettings = {
				HEADER_SEARCH_PATHS = (
					"$(inherited)",
					/Applications/Xcode.app/Contents/Developer/Toolchains/XcodeDefault.xctoolchain/usr/include,
					"$(SRCROOT)/../../../React/**",
					"$(SRCROOT)/../../react-native/React/**",
				);
				LIBRARY_SEARCH_PATHS = (
					"$(inherited)",
					"$(PROJECT_DIR)",
				);
				OTHER_LDFLAGS = (
					"-ObjC",
					"$(inherited)",
				);
				PRODUCT_NAME = Smartlink;
				SKIP_INSTALL = YES;
			};
			name = Release;
		};
/* End XCBuildConfiguration section */

/* Begin XCConfigurationList section */
		58B511D61A9E6C8500147676 /* Build configuration list for PBXProject "Smartlink" */ = {
			isa = XCConfigurationList;
			buildConfigurations = (
				58B511ED1A9E6C8500147676 /* Debug */,
				58B511EE1A9E6C8500147676 /* Release */,
			);
			defaultConfigurationIsVisible = 0;
			defaultConfigurationName = Release;
		};
		58B511EF1A9E6C8500147676 /* Build configuration list for PBXNativeTarget "Smartlink" */ = {
			isa = XCConfigurationList;
			buildConfigurations = (
				58B511F01A9E6C8500147676 /* Debug */,
				58B511F11A9E6C8500147676 /* Release */,
			);
			defaultConfigurationIsVisible = 0;
			defaultConfigurationName = Release;
		};
/* End XCConfigurationList section */
	};
	rootObject = 58B511D31A9E6C8500147676 /* Project object */;
}
