// !$*UTF8*$!
{
	archiveVersion = 1;
	classes = {
	};
	objectVersion = 46;
	objects = {

/* Begin PBXBuildFile section */
		07287119237295F500F15A45 /* HFSmartLinkDeviceInfo.m in Sources */ = {isa = PBXBuildFile; fileRef = 07287117237295F500F15A45 /* HFSmartLinkDeviceInfo.m */; };
		0728711A237295F500F15A45 /* Udpproxy.m in Sources */ = {isa = PBXBuildFile; fileRef = 07287118237295F500F15A45 /* Udpproxy.m */; };
		0763A8F4236B0ADD00DF905F /* libReact.a in Frameworks */ = {isa = PBXBuildFile; fileRef = 0763A8D5236B0AD100DF905F /* libReact.a */; };
		0763A8FB236B0D7400DF905F /* libsmartlinklib_v7.a in Frameworks */ = {isa = PBXBuildFile; fileRef = 0763A8FA236B0D7400DF905F /* libsmartlinklib_v7.a */; };
		077E3A2023753834009D601B /* STDPingServices.m in Sources */ = {isa = PBXBuildFile; fileRef = 077E39D723753834009D601B /* STDPingServices.m */; };
		077E3A2123753834009D601B /* STSimplePing.m in Sources */ = {isa = PBXBuildFile; fileRef = 077E39D923753834009D601B /* STSimplePing.m */; };
		077E3A2223753834009D601B /* NSLayoutConstraint+MASDebugAdditions.m in Sources */ = {isa = PBXBuildFile; fileRef = 077E39DD23753834009D601B /* NSLayoutConstraint+MASDebugAdditions.m */; };
		077E3A2323753834009D601B /* ViewController+MASAdditions.m in Sources */ = {isa = PBXBuildFile; fileRef = 077E39E623753834009D601B /* ViewController+MASAdditions.m */; };
		077E3A2423753834009D601B /* MASCompositeConstraint.m in Sources */ = {isa = PBXBuildFile; fileRef = 077E39EA23753834009D601B /* MASCompositeConstraint.m */; };
		077E3A2523753834009D601B /* MASConstraintMaker.m in Sources */ = {isa = PBXBuildFile; fileRef = 077E39EB23753834009D601B /* MASConstraintMaker.m */; };
		077E3A2623753834009D601B /* MASLayoutConstraint.m in Sources */ = {isa = PBXBuildFile; fileRef = 077E39EC23753834009D601B /* MASLayoutConstraint.m */; };
		077E3A2723753834009D601B /* NSArray+MASAdditions.m in Sources */ = {isa = PBXBuildFile; fileRef = 077E39ED23753834009D601B /* NSArray+MASAdditions.m */; };
		077E3A2823753834009D601B /* View+MASAdditions.m in Sources */ = {isa = PBXBuildFile; fileRef = 077E39EE23753834009D601B /* View+MASAdditions.m */; };
		077E3A2923753834009D601B /* MASConstraint.m in Sources */ = {isa = PBXBuildFile; fileRef = 077E39F123753834009D601B /* MASConstraint.m */; };
		077E3A2A23753834009D601B /* MASViewConstraint.m in Sources */ = {isa = PBXBuildFile; fileRef = 077E39F323753834009D601B /* MASViewConstraint.m */; };
		077E3A2B23753834009D601B /* MASViewAttribute.m in Sources */ = {isa = PBXBuildFile; fileRef = 077E39F423753834009D601B /* MASViewAttribute.m */; };
		077E3A2C23753834009D601B /* Reachability.m in Sources */ = {isa = PBXBuildFile; fileRef = 077E39F723753834009D601B /* Reachability.m */; };
		077E3A2D23753834009D601B /* RHSocketConnection.m in Sources */ = {isa = PBXBuildFile; fileRef = 077E39FA23753834009D601B /* RHSocketConnection.m */; };
		077E3A2E23753834009D601B /* GCDAsyncUdpSocket.m in Sources */ = {isa = PBXBuildFile; fileRef = 077E39FE23753834009D601B /* GCDAsyncUdpSocket.m */; };
		077E3A2F23753834009D601B /* GCDAsyncSocket.m in Sources */ = {isa = PBXBuildFile; fileRef = 077E39FF23753834009D601B /* GCDAsyncSocket.m */; };
		077E3A3023753834009D601B /* SmtlkManager.m in Sources */ = {isa = PBXBuildFile; fileRef = 077E3A1323753834009D601B /* SmtlkManager.m */; };
		077E3A3123753834009D601B /* getgateway.c in Sources */ = {isa = PBXBuildFile; fileRef = 077E3A1823753834009D601B /* getgateway.c */; };
		077E3A3223753834009D601B /* MFUtil.m in Sources */ = {isa = PBXBuildFile; fileRef = 077E3A1923753834009D601B /* MFUtil.m */; };
		077E3A3423753834009D601B /* SmtlkV20.m in Sources */ = {isa = PBXBuildFile; fileRef = 077E3A1F23753834009D601B /* SmtlkV20.m */; };
		2AE50EEB695C9427524879DF /* libPods-Smartlink.a in Frameworks */ = {isa = PBXBuildFile; fileRef = 393A9981275D1820D8160336 /* libPods-Smartlink.a */; };
		B3E7B58A1CC2AC0600A0062D /* Smartlink.m in Sources */ = {isa = PBXBuildFile; fileRef = B3E7B5891CC2AC0600A0062D /* Smartlink.m */; };
/* End PBXBuildFile section */

/* Begin PBXContainerItemProxy section */
		0763A8D4236B0AD100DF905F /* PBXContainerItemProxy */ = {
			isa = PBXContainerItemProxy;
			containerPortal = 0763A8C1236B0AD000DF905F /* React.xcodeproj */;
			proxyType = 2;
			remoteGlobalIDString = 83CBBA2E1A601D0E00E9B192;
			remoteInfo = React;
		};
		0763A8D6236B0AD100DF905F /* PBXContainerItemProxy */ = {
			isa = PBXContainerItemProxy;
			containerPortal = 0763A8C1236B0AD000DF905F /* React.xcodeproj */;
			proxyType = 2;
			remoteGlobalIDString = 2D2A28131D9B038B00D4039D;
			remoteInfo = "React-tvOS";
		};
		0763A8D8236B0AD100DF905F /* PBXContainerItemProxy */ = {
			isa = PBXContainerItemProxy;
			containerPortal = 0763A8C1236B0AD000DF905F /* React.xcodeproj */;
			proxyType = 2;
			remoteGlobalIDString = 3D3C059A1DE3340900C268FA;
			remoteInfo = yoga;
		};
		0763A8DA236B0AD100DF905F /* PBXContainerItemProxy */ = {
			isa = PBXContainerItemProxy;
			containerPortal = 0763A8C1236B0AD000DF905F /* React.xcodeproj */;
			proxyType = 2;
			remoteGlobalIDString = 3D3C06751DE3340C00C268FA;
			remoteInfo = "yoga-tvOS";
		};
		0763A8DC236B0AD100DF905F /* PBXContainerItemProxy */ = {
			isa = PBXContainerItemProxy;
			containerPortal = 0763A8C1236B0AD000DF905F /* React.xcodeproj */;
			proxyType = 2;
			remoteGlobalIDString = 3D3CD9251DE5FBEC00167DC4;
			remoteInfo = cxxreact;
		};
		0763A8DE236B0AD100DF905F /* PBXContainerItemProxy */ = {
			isa = PBXContainerItemProxy;
			containerPortal = 0763A8C1236B0AD000DF905F /* React.xcodeproj */;
			proxyType = 2;
			remoteGlobalIDString = 3D3CD9321DE5FBEE00167DC4;
			remoteInfo = "cxxreact-tvOS";
		};
		0763A8E0236B0AD100DF905F /* PBXContainerItemProxy */ = {
			isa = PBXContainerItemProxy;
			containerPortal = 0763A8C1236B0AD000DF905F /* React.xcodeproj */;
			proxyType = 2;
			remoteGlobalIDString = EBF21BDC1FC498900052F4D5;
			remoteInfo = jsinspector;
		};
		0763A8E2236B0AD100DF905F /* PBXContainerItemProxy */ = {
			isa = PBXContainerItemProxy;
			containerPortal = 0763A8C1236B0AD000DF905F /* React.xcodeproj */;
			proxyType = 2;
			remoteGlobalIDString = EBF21BFA1FC4989A0052F4D5;
			remoteInfo = "jsinspector-tvOS";
		};
		0763A8E4236B0AD100DF905F /* PBXContainerItemProxy */ = {
			isa = PBXContainerItemProxy;
			containerPortal = 0763A8C1236B0AD000DF905F /* React.xcodeproj */;
			proxyType = 2;
			remoteGlobalIDString = 139D7ECE1E25DB7D00323FB7;
			remoteInfo = "third-party";
		};
		0763A8E6236B0AD100DF905F /* PBXContainerItemProxy */ = {
			isa = PBXContainerItemProxy;
			containerPortal = 0763A8C1236B0AD000DF905F /* React.xcodeproj */;
			proxyType = 2;
			remoteGlobalIDString = 3D383D3C1EBD27B6005632C8;
			remoteInfo = "third-party-tvOS";
		};
		0763A8E8236B0AD100DF905F /* PBXContainerItemProxy */ = {
			isa = PBXContainerItemProxy;
			containerPortal = 0763A8C1236B0AD000DF905F /* React.xcodeproj */;
			proxyType = 2;
			remoteGlobalIDString = 139D7E881E25C6D100323FB7;
			remoteInfo = "double-conversion";
		};
		0763A8EA236B0AD100DF905F /* PBXContainerItemProxy */ = {
			isa = PBXContainerItemProxy;
			containerPortal = 0763A8C1236B0AD000DF905F /* React.xcodeproj */;
			proxyType = 2;
			remoteGlobalIDString = 3D383D621EBD27B9005632C8;
			remoteInfo = "double-conversion-tvOS";
		};
		0763A8EC236B0AD100DF905F /* PBXContainerItemProxy */ = {
			isa = PBXContainerItemProxy;
			containerPortal = 0763A8C1236B0AD000DF905F /* React.xcodeproj */;
			proxyType = 2;
			remoteGlobalIDString = EDEBC6D6214B3E7000DD5AC8;
			remoteInfo = jsi;
		};
		0763A8EE236B0AD100DF905F /* PBXContainerItemProxy */ = {
			isa = PBXContainerItemProxy;
			containerPortal = 0763A8C1236B0AD000DF905F /* React.xcodeproj */;
			proxyType = 2;
			remoteGlobalIDString = EDEBC73B214B45A300DD5AC8;
			remoteInfo = jsiexecutor;
		};
		0763A8F0236B0AD100DF905F /* PBXContainerItemProxy */ = {
			isa = PBXContainerItemProxy;
			containerPortal = 0763A8C1236B0AD000DF905F /* React.xcodeproj */;
			proxyType = 2;
			remoteGlobalIDString = ED296FB6214C9A0900B7C4FE;
			remoteInfo = "jsi-tvOS";
		};
		0763A8F2236B0AD100DF905F /* PBXContainerItemProxy */ = {
			isa = PBXContainerItemProxy;
			containerPortal = 0763A8C1236B0AD000DF905F /* React.xcodeproj */;
			proxyType = 2;
			remoteGlobalIDString = ED296FEE214C9CF800B7C4FE;
			remoteInfo = "jsiexecutor-tvOS";
		};
/* End PBXContainerItemProxy section */

/* Begin PBXCopyFilesBuildPhase section */
		58B511D91A9E6C8500147676 /* CopyFiles */ = {
			isa = PBXCopyFilesBuildPhase;
			buildActionMask = 2147483647;
			dstPath = "include/$(PRODUCT_NAME)";
			dstSubfolderSpec = 16;
			files = (
			);
			runOnlyForDeploymentPostprocessing = 0;
		};
/* End PBXCopyFilesBuildPhase section */

/* Begin PBXFileReference section */
		07287115237295F500F15A45 /* Udpproxy.h */ = {isa = PBXFileReference; fileEncoding = 4; lastKnownFileType = sourcecode.c.h; name = Udpproxy.h; path = Model/Udpproxy.h; sourceTree = "<group>"; };
		07287116237295F500F15A45 /* HFSmartLinkDeviceInfo.h */ = {isa = PBXFileReference; fileEncoding = 4; lastKnownFileType = sourcecode.c.h; name = HFSmartLinkDeviceInfo.h; path = Model/HFSmartLinkDeviceInfo.h; sourceTree = "<group>"; };
		07287117237295F500F15A45 /* HFSmartLinkDeviceInfo.m */ = {isa = PBXFileReference; fileEncoding = 4; lastKnownFileType = sourcecode.c.objc; name = HFSmartLinkDeviceInfo.m; path = Model/HFSmartLinkDeviceInfo.m; sourceTree = "<group>"; };
		07287118237295F500F15A45 /* Udpproxy.m */ = {isa = PBXFileReference; fileEncoding = 4; lastKnownFileType = sourcecode.c.objc; name = Udpproxy.m; path = Model/Udpproxy.m; sourceTree = "<group>"; };
		0763A8C1236B0AD000DF905F /* React.xcodeproj */ = {isa = PBXFileReference; lastKnownFileType = "wrapper.pb-project"; name = React.xcodeproj; path = "../node_modules/react-native/React/React.xcodeproj"; sourceTree = "<group>"; };
		0763A8F5236B0B1400DF905F /* HFSmartLink.h */ = {isa = PBXFileReference; fileEncoding = 4; lastKnownFileType = sourcecode.c.h; path = HFSmartLink.h; sourceTree = SOURCE_ROOT; };
		0763A8FA236B0D7400DF905F /* libsmartlinklib_v7.a */ = {isa = PBXFileReference; lastKnownFileType = archive.ar; path = libsmartlinklib_v7.a; sourceTree = "<group>"; };
		077E39D623753834009D601B /* STDPingServices.h */ = {isa = PBXFileReference; fileEncoding = 4; lastKnownFileType = sourcecode.c.h; path = STDPingServices.h; sourceTree = "<group>"; };
		077E39D723753834009D601B /* STDPingServices.m */ = {isa = PBXFileReference; fileEncoding = 4; lastKnownFileType = sourcecode.c.objc; path = STDPingServices.m; sourceTree = "<group>"; };
		077E39D923753834009D601B /* STSimplePing.m */ = {isa = PBXFileReference; fileEncoding = 4; lastKnownFileType = sourcecode.c.objc; path = STSimplePing.m; sourceTree = "<group>"; };
		077E39DA23753834009D601B /* STSimplePing.h */ = {isa = PBXFileReference; fileEncoding = 4; lastKnownFileType = sourcecode.c.h; path = STSimplePing.h; sourceTree = "<group>"; };
		077E39DC23753834009D601B /* MASCompositeConstraint.h */ = {isa = PBXFileReference; fileEncoding = 4; lastKnownFileType = sourcecode.c.h; path = MASCompositeConstraint.h; sourceTree = "<group>"; };
		077E39DD23753834009D601B /* NSLayoutConstraint+MASDebugAdditions.m */ = {isa = PBXFileReference; fileEncoding = 4; lastKnownFileType = sourcecode.c.objc; path = "NSLayoutConstraint+MASDebugAdditions.m"; sourceTree = "<group>"; };
		077E39DE23753834009D601B /* MASConstraint+Private.h */ = {isa = PBXFileReference; fileEncoding = 4; lastKnownFileType = sourcecode.c.h; path = "MASConstraint+Private.h"; sourceTree = "<group>"; };
		077E39DF23753834009D601B /* MASLayoutConstraint.h */ = {isa = PBXFileReference; fileEncoding = 4; lastKnownFileType = sourcecode.c.h; path = MASLayoutConstraint.h; sourceTree = "<group>"; };
		077E39E023753834009D601B /* NSArray+MASShorthandAdditions.h */ = {isa = PBXFileReference; fileEncoding = 4; lastKnownFileType = sourcecode.c.h; path = "NSArray+MASShorthandAdditions.h"; sourceTree = "<group>"; };
		077E39E123753834009D601B /* MASConstraintMaker.h */ = {isa = PBXFileReference; fileEncoding = 4; lastKnownFileType = sourcecode.c.h; path = MASConstraintMaker.h; sourceTree = "<group>"; };
		077E39E223753834009D601B /* View+MASAdditions.h */ = {isa = PBXFileReference; fileEncoding = 4; lastKnownFileType = sourcecode.c.h; path = "View+MASAdditions.h"; sourceTree = "<group>"; };
		077E39E323753834009D601B /* NSArray+MASAdditions.h */ = {isa = PBXFileReference; fileEncoding = 4; lastKnownFileType = sourcecode.c.h; path = "NSArray+MASAdditions.h"; sourceTree = "<group>"; };
		077E39E423753834009D601B /* MASUtilities.h */ = {isa = PBXFileReference; fileEncoding = 4; lastKnownFileType = sourcecode.c.h; path = MASUtilities.h; sourceTree = "<group>"; };
		077E39E523753834009D601B /* MASViewAttribute.h */ = {isa = PBXFileReference; fileEncoding = 4; lastKnownFileType = sourcecode.c.h; path = MASViewAttribute.h; sourceTree = "<group>"; };
		077E39E623753834009D601B /* ViewController+MASAdditions.m */ = {isa = PBXFileReference; fileEncoding = 4; lastKnownFileType = sourcecode.c.objc; path = "ViewController+MASAdditions.m"; sourceTree = "<group>"; };
		077E39E723753834009D601B /* MASViewConstraint.h */ = {isa = PBXFileReference; fileEncoding = 4; lastKnownFileType = sourcecode.c.h; path = MASViewConstraint.h; sourceTree = "<group>"; };
		077E39E823753834009D601B /* MASConstraint.h */ = {isa = PBXFileReference; fileEncoding = 4; lastKnownFileType = sourcecode.c.h; path = MASConstraint.h; sourceTree = "<group>"; };
		077E39E923753834009D601B /* NSLayoutConstraint+MASDebugAdditions.h */ = {isa = PBXFileReference; fileEncoding = 4; lastKnownFileType = sourcecode.c.h; path = "NSLayoutConstraint+MASDebugAdditions.h"; sourceTree = "<group>"; };
		077E39EA23753834009D601B /* MASCompositeConstraint.m */ = {isa = PBXFileReference; fileEncoding = 4; lastKnownFileType = sourcecode.c.objc; path = MASCompositeConstraint.m; sourceTree = "<group>"; };
		077E39EB23753834009D601B /* MASConstraintMaker.m */ = {isa = PBXFileReference; fileEncoding = 4; lastKnownFileType = sourcecode.c.objc; path = MASConstraintMaker.m; sourceTree = "<group>"; };
		077E39EC23753834009D601B /* MASLayoutConstraint.m */ = {isa = PBXFileReference; fileEncoding = 4; lastKnownFileType = sourcecode.c.objc; path = MASLayoutConstraint.m; sourceTree = "<group>"; };
		077E39ED23753834009D601B /* NSArray+MASAdditions.m */ = {isa = PBXFileReference; fileEncoding = 4; lastKnownFileType = sourcecode.c.objc; path = "NSArray+MASAdditions.m"; sourceTree = "<group>"; };
		077E39EE23753834009D601B /* View+MASAdditions.m */ = {isa = PBXFileReference; fileEncoding = 4; lastKnownFileType = sourcecode.c.objc; path = "View+MASAdditions.m"; sourceTree = "<group>"; };
		077E39EF23753834009D601B /* View+MASShorthandAdditions.h */ = {isa = PBXFileReference; fileEncoding = 4; lastKnownFileType = sourcecode.c.h; path = "View+MASShorthandAdditions.h"; sourceTree = "<group>"; };
		077E39F023753834009D601B /* Masonry.h */ = {isa = PBXFileReference; fileEncoding = 4; lastKnownFileType = sourcecode.c.h; path = Masonry.h; sourceTree = "<group>"; };
		077E39F123753834009D601B /* MASConstraint.m */ = {isa = PBXFileReference; fileEncoding = 4; lastKnownFileType = sourcecode.c.objc; path = MASConstraint.m; sourceTree = "<group>"; };
		077E39F223753834009D601B /* ViewController+MASAdditions.h */ = {isa = PBXFileReference; fileEncoding = 4; lastKnownFileType = sourcecode.c.h; path = "ViewController+MASAdditions.h"; sourceTree = "<group>"; };
		077E39F323753834009D601B /* MASViewConstraint.m */ = {isa = PBXFileReference; fileEncoding = 4; lastKnownFileType = sourcecode.c.objc; path = MASViewConstraint.m; sourceTree = "<group>"; };
		077E39F423753834009D601B /* MASViewAttribute.m */ = {isa = PBXFileReference; fileEncoding = 4; lastKnownFileType = sourcecode.c.objc; path = MASViewAttribute.m; sourceTree = "<group>"; };
		077E39F523753834009D601B /* Info.plist */ = {isa = PBXFileReference; fileEncoding = 4; lastKnownFileType = text.plist.xml; path = Info.plist; sourceTree = "<group>"; };
		077E39F723753834009D601B /* Reachability.m */ = {isa = PBXFileReference; fileEncoding = 4; lastKnownFileType = sourcecode.c.objc; path = Reachability.m; sourceTree = "<group>"; };
		077E39F823753834009D601B /* Reachability.h */ = {isa = PBXFileReference; fileEncoding = 4; lastKnownFileType = sourcecode.c.h; path = Reachability.h; sourceTree = "<group>"; };
		077E39FA23753834009D601B /* RHSocketConnection.m */ = {isa = PBXFileReference; fileEncoding = 4; lastKnownFileType = sourcecode.c.objc; path = RHSocketConnection.m; sourceTree = "<group>"; };
		077E39FB23753834009D601B /* RHSocketConfig.h */ = {isa = PBXFileReference; fileEncoding = 4; lastKnownFileType = sourcecode.c.h; path = RHSocketConfig.h; sourceTree = "<group>"; };
		077E39FC23753834009D601B /* RHSocketConnection.h */ = {isa = PBXFileReference; fileEncoding = 4; lastKnownFileType = sourcecode.c.h; path = RHSocketConnection.h; sourceTree = "<group>"; };
		077E39FE23753834009D601B /* GCDAsyncUdpSocket.m */ = {isa = PBXFileReference; fileEncoding = 4; lastKnownFileType = sourcecode.c.objc; path = GCDAsyncUdpSocket.m; sourceTree = "<group>"; };
		077E39FF23753834009D601B /* GCDAsyncSocket.m */ = {isa = PBXFileReference; fileEncoding = 4; lastKnownFileType = sourcecode.c.objc; path = GCDAsyncSocket.m; sourceTree = "<group>"; };
		077E3A0023753834009D601B /* GCDAsyncUdpSocket.h */ = {isa = PBXFileReference; fileEncoding = 4; lastKnownFileType = sourcecode.c.h; path = GCDAsyncUdpSocket.h; sourceTree = "<group>"; };
		077E3A0123753834009D601B /* GCDAsyncSocket.h */ = {isa = PBXFileReference; fileEncoding = 4; lastKnownFileType = sourcecode.c.h; path = GCDAsyncSocket.h; sourceTree = "<group>"; };
		077E3A1223753834009D601B /* SmtlkManager.h */ = {isa = PBXFileReference; fileEncoding = 4; lastKnownFileType = sourcecode.c.h; path = SmtlkManager.h; sourceTree = "<group>"; };
		077E3A1323753834009D601B /* SmtlkManager.m */ = {isa = PBXFileReference; fileEncoding = 4; lastKnownFileType = sourcecode.c.objc; path = SmtlkManager.m; sourceTree = "<group>"; };
		077E3A1623753834009D601B /* route.h */ = {isa = PBXFileReference; fileEncoding = 4; lastKnownFileType = sourcecode.c.h; path = route.h; sourceTree = "<group>"; };
		077E3A1723753834009D601B /* getgateway.h */ = {isa = PBXFileReference; fileEncoding = 4; lastKnownFileType = sourcecode.c.h; path = getgateway.h; sourceTree = "<group>"; };
		077E3A1823753834009D601B /* getgateway.c */ = {isa = PBXFileReference; fileEncoding = 4; lastKnownFileType = sourcecode.c.c; path = getgateway.c; sourceTree = "<group>"; };
		077E3A1923753834009D601B /* MFUtil.m */ = {isa = PBXFileReference; fileEncoding = 4; lastKnownFileType = sourcecode.c.objc; path = MFUtil.m; sourceTree = "<group>"; };
		077E3A1B23753834009D601B /* Macros.h */ = {isa = PBXFileReference; fileEncoding = 4; lastKnownFileType = sourcecode.c.h; path = Macros.h; sourceTree = "<group>"; };
		077E3A1D23753834009D601B /* MFUtil.h */ = {isa = PBXFileReference; fileEncoding = 4; lastKnownFileType = sourcecode.c.h; path = MFUtil.h; sourceTree = "<group>"; };
		077E3A1E23753834009D601B /* SmtlkV20.h */ = {isa = PBXFileReference; fileEncoding = 4; lastKnownFileType = sourcecode.c.h; path = SmtlkV20.h; sourceTree = "<group>"; };
		077E3A1F23753834009D601B /* SmtlkV20.m */ = {isa = PBXFileReference; fileEncoding = 4; lastKnownFileType = sourcecode.c.objc; path = SmtlkV20.m; sourceTree = "<group>"; };
		134814201AA4EA6300B7C361 /* libSmartlink.a */ = {isa = PBXFileReference; explicitFileType = archive.ar; includeInIndex = 0; path = libSmartlink.a; sourceTree = BUILT_PRODUCTS_DIR; };
		393A9981275D1820D8160336 /* libPods-Smartlink.a */ = {isa = PBXFileReference; explicitFileType = archive.ar; includeInIndex = 0; path = "libPods-Smartlink.a"; sourceTree = BUILT_PRODUCTS_DIR; };
		393A9E69746D2CC38EFE543B /* Pods-Smartlink.release.xcconfig */ = {isa = PBXFileReference; includeInIndex = 1; lastKnownFileType = text.xcconfig; name = "Pods-Smartlink.release.xcconfig"; path = "Target Support Files/Pods-Smartlink/Pods-Smartlink.release.xcconfig"; sourceTree = "<group>"; };
		4958243A93F91E4B774D0276 /* Pods-Smartlink.debug.xcconfig */ = {isa = PBXFileReference; includeInIndex = 1; lastKnownFileType = text.xcconfig; name = "Pods-Smartlink.debug.xcconfig"; path = "Target Support Files/Pods-Smartlink/Pods-Smartlink.debug.xcconfig"; sourceTree = "<group>"; };
		B3E7B5881CC2AC0600A0062D /* Smartlink.h */ = {isa = PBXFileReference; fileEncoding = 4; lastKnownFileType = sourcecode.c.h; path = Smartlink.h; sourceTree = SOURCE_ROOT; };
		B3E7B5891CC2AC0600A0062D /* Smartlink.m */ = {isa = PBXFileReference; fileEncoding = 4; lastKnownFileType = sourcecode.c.objc; path = Smartlink.m; sourceTree = SOURCE_ROOT; };
/* End PBXFileReference section */

/* Begin PBXFrameworksBuildPhase section */
		58B511D81A9E6C8500147676 /* Frameworks */ = {
			isa = PBXFrameworksBuildPhase;
			buildActionMask = 2147483647;
			files = (
				0763A8FB236B0D7400DF905F /* libsmartlinklib_v7.a in Frameworks */,
				0763A8F4236B0ADD00DF905F /* libReact.a in Frameworks */,
				2AE50EEB695C9427524879DF /* libPods-Smartlink.a in Frameworks */,
			);
			runOnlyForDeploymentPostprocessing = 0;
		};
/* End PBXFrameworksBuildPhase section */

/* Begin PBXGroup section */
		0728710C237295C500F15A45 /* Model */ = {
			isa = PBXGroup;
			children = (
				07287116237295F500F15A45 /* HFSmartLinkDeviceInfo.h */,
				07287117237295F500F15A45 /* HFSmartLinkDeviceInfo.m */,
				07287115237295F500F15A45 /* Udpproxy.h */,
				07287118237295F500F15A45 /* Udpproxy.m */,
			);
			name = Model;
			sourceTree = "<group>";
		};
		0763A8BE236B0A1600DF905F /* Frameworks */ = {
			isa = PBXGroup;
			children = (
				0763A8FA236B0D7400DF905F /* libsmartlinklib_v7.a */,
				393A9981275D1820D8160336 /* libPods-Smartlink.a */,
			);
			name = Frameworks;
			sourceTree = "<group>";
		};
		0763A8C2236B0AD000DF905F /* Products */ = {
			isa = PBXGroup;
			children = (
				0763A8D5236B0AD100DF905F /* libReact.a */,
				0763A8D7236B0AD100DF905F /* libReact.a */,
				0763A8D9236B0AD100DF905F /* libyoga.a */,
				0763A8DB236B0AD100DF905F /* libyoga.a */,
				0763A8DD236B0AD100DF905F /* libcxxreact.a */,
				0763A8DF236B0AD100DF905F /* libcxxreact.a */,
				0763A8E1236B0AD100DF905F /* libjsinspector.a */,
				0763A8E3236B0AD100DF905F /* libjsinspector-tvOS.a */,
				0763A8E5236B0AD100DF905F /* libthird-party.a */,
				0763A8E7236B0AD100DF905F /* libthird-party.a */,
				0763A8E9236B0AD100DF905F /* libdouble-conversion.a */,
				0763A8EB236B0AD100DF905F /* libdouble-conversion.a */,
				0763A8ED236B0AD100DF905F /* libjsi.a */,
				0763A8EF236B0AD100DF905F /* libjsiexecutor.a */,
				0763A8F1236B0AD100DF905F /* libjsi-tvOS.a */,
				0763A8F3236B0AD100DF905F /* libjsiexecutor-tvOS.a */,
			);
			name = Products;
			sourceTree = "<group>";
		};
		077E39D423753834009D601B /* 3rd */ = {
			isa = PBXGroup;
			children = (
				077E39D523753834009D601B /* ping */,
				077E39DB23753834009D601B /* Masonry */,
				077E39F623753834009D601B /* Reachability */,
				077E39F923753834009D601B /* RHSocket */,
				077E39FD23753834009D601B /* CocoaAsyncSocket */,
			);
			path = 3rd;
			sourceTree = "<group>";
		};
		077E39D523753834009D601B /* ping */ = {
			isa = PBXGroup;
			children = (
				077E39D623753834009D601B /* STDPingServices.h */,
				077E39D723753834009D601B /* STDPingServices.m */,
				077E39D823753834009D601B /* PingTester */,
			);
			path = ping;
			sourceTree = "<group>";
		};
		077E39D823753834009D601B /* PingTester */ = {
			isa = PBXGroup;
			children = (
				077E39D923753834009D601B /* STSimplePing.m */,
				077E39DA23753834009D601B /* STSimplePing.h */,
			);
			path = PingTester;
			sourceTree = "<group>";
		};
		077E39DB23753834009D601B /* Masonry */ = {
			isa = PBXGroup;
			children = (
				077E39DC23753834009D601B /* MASCompositeConstraint.h */,
				077E39DD23753834009D601B /* NSLayoutConstraint+MASDebugAdditions.m */,
				077E39DE23753834009D601B /* MASConstraint+Private.h */,
				077E39DF23753834009D601B /* MASLayoutConstraint.h */,
				077E39E023753834009D601B /* NSArray+MASShorthandAdditions.h */,
				077E39E123753834009D601B /* MASConstraintMaker.h */,
				077E39E223753834009D601B /* View+MASAdditions.h */,
				077E39E323753834009D601B /* NSArray+MASAdditions.h */,
				077E39E423753834009D601B /* MASUtilities.h */,
				077E39E523753834009D601B /* MASViewAttribute.h */,
				077E39E623753834009D601B /* ViewController+MASAdditions.m */,
				077E39E723753834009D601B /* MASViewConstraint.h */,
				077E39E823753834009D601B /* MASConstraint.h */,
				077E39E923753834009D601B /* NSLayoutConstraint+MASDebugAdditions.h */,
				077E39EA23753834009D601B /* MASCompositeConstraint.m */,
				077E39EB23753834009D601B /* MASConstraintMaker.m */,
				077E39EC23753834009D601B /* MASLayoutConstraint.m */,
				077E39ED23753834009D601B /* NSArray+MASAdditions.m */,
				077E39EE23753834009D601B /* View+MASAdditions.m */,
				077E39EF23753834009D601B /* View+MASShorthandAdditions.h */,
				077E39F023753834009D601B /* Masonry.h */,
				077E39F123753834009D601B /* MASConstraint.m */,
				077E39F223753834009D601B /* ViewController+MASAdditions.h */,
				077E39F323753834009D601B /* MASViewConstraint.m */,
				077E39F423753834009D601B /* MASViewAttribute.m */,
				077E39F523753834009D601B /* Info.plist */,
			);
			path = Masonry;
			sourceTree = "<group>";
		};
		077E39F623753834009D601B /* Reachability */ = {
			isa = PBXGroup;
			children = (
				077E39F723753834009D601B /* Reachability.m */,
				077E39F823753834009D601B /* Reachability.h */,
			);
			path = Reachability;
			sourceTree = "<group>";
		};
		077E39F923753834009D601B /* RHSocket */ = {
			isa = PBXGroup;
			children = (
				077E39FA23753834009D601B /* RHSocketConnection.m */,
				077E39FB23753834009D601B /* RHSocketConfig.h */,
				077E39FC23753834009D601B /* RHSocketConnection.h */,
			);
			path = RHSocket;
			sourceTree = "<group>";
		};
		077E39FD23753834009D601B /* CocoaAsyncSocket */ = {
			isa = PBXGroup;
			children = (
				077E39FE23753834009D601B /* GCDAsyncUdpSocket.m */,
				077E39FF23753834009D601B /* GCDAsyncSocket.m */,
				077E3A0023753834009D601B /* GCDAsyncUdpSocket.h */,
				077E3A0123753834009D601B /* GCDAsyncSocket.h */,
			);
			path = CocoaAsyncSocket;
			sourceTree = "<group>";
		};
		077E3A1423753834009D601B /* common */ = {
			isa = PBXGroup;
			children = (
				077E3A1523753834009D601B /* RouteAddress */,
				077E3A1923753834009D601B /* MFUtil.m */,
				077E3A1B23753834009D601B /* Macros.h */,
				077E3A1D23753834009D601B /* MFUtil.h */,
			);
			path = common;
			sourceTree = "<group>";
		};
		077E3A1523753834009D601B /* RouteAddress */ = {
			isa = PBXGroup;
			children = (
				077E3A1623753834009D601B /* route.h */,
				077E3A1723753834009D601B /* getgateway.h */,
				077E3A1823753834009D601B /* getgateway.c */,
			);
			path = RouteAddress;
			sourceTree = "<group>";
		};
		134814211AA4EA7D00B7C361 /* Products */ = {
			isa = PBXGroup;
			children = (
				134814201AA4EA6300B7C361 /* libSmartlink.a */,
			);
			name = Products;
			sourceTree = "<group>";
		};
		58B511D21A9E6C8500147676 = {
			isa = PBXGroup;
			children = (
				077E39D423753834009D601B /* 3rd */,
				077E3A1423753834009D601B /* common */,
				077E3A1223753834009D601B /* SmtlkManager.h */,
				077E3A1323753834009D601B /* SmtlkManager.m */,
				077E3A1E23753834009D601B /* SmtlkV20.h */,
				077E3A1F23753834009D601B /* SmtlkV20.m */,
				0728710C237295C500F15A45 /* Model */,
				0763A8BE236B0A1600DF905F /* Frameworks */,
				0763A8F5236B0B1400DF905F /* HFSmartLink.h */,
				134814211AA4EA7D00B7C361 /* Products */,
				0763A8C1236B0AD000DF905F /* React.xcodeproj */,
				B3E7B5881CC2AC0600A0062D /* Smartlink.h */,
				B3E7B5891CC2AC0600A0062D /* Smartlink.m */,
				C9A1F2A8BC309CFCF5E2B8F5 /* Pods */,
			);
			sourceTree = "<group>";
		};
		C9A1F2A8BC309CFCF5E2B8F5 /* Pods */ = {
			isa = PBXGroup;
			children = (
				4958243A93F91E4B774D0276 /* Pods-Smartlink.debug.xcconfig */,
				393A9E69746D2CC38EFE543B /* Pods-Smartlink.release.xcconfig */,
			);
			path = Pods;
			sourceTree = "<group>";
		};
/* End PBXGroup section */

/* Begin PBXNativeTarget section */
		58B511DA1A9E6C8500147676 /* Smartlink */ = {
			isa = PBXNativeTarget;
			buildConfigurationList = 58B511EF1A9E6C8500147676 /* Build configuration list for PBXNativeTarget "Smartlink" */;
			buildPhases = (
				0F4CE0DABFD35A90124DFC64 /* [CP] Check Pods Manifest.lock */,
				58B511D71A9E6C8500147676 /* Sources */,
				58B511D81A9E6C8500147676 /* Frameworks */,
				58B511D91A9E6C8500147676 /* CopyFiles */,
			);
			buildRules = (
			);
			dependencies = (
			);
			name = Smartlink;
			productName = RCTDataManager;
			productReference = 134814201AA4EA6300B7C361 /* libSmartlink.a */;
			productType = "com.apple.product-type.library.static";
		};
/* End PBXNativeTarget section */

/* Begin PBXProject section */
		58B511D31A9E6C8500147676 /* Project object */ = {
			isa = PBXProject;
			attributes = {
				LastUpgradeCheck = 1120;
				ORGANIZATIONNAME = Facebook;
				TargetAttributes = {
					58B511DA1A9E6C8500147676 = {
						CreatedOnToolsVersion = 6.1.1;
					};
				};
			};
			buildConfigurationList = 58B511D61A9E6C8500147676 /* Build configuration list for PBXProject "Smartlink" */;
			compatibilityVersion = "Xcode 3.2";
			developmentRegion = English;
			hasScannedForEncodings = 0;
			knownRegions = (
				English,
				en,
			);
			mainGroup = 58B511D21A9E6C8500147676;
			productRefGroup = 58B511D21A9E6C8500147676;
			projectDirPath = "";
			projectReferences = (
				{
					ProductGroup = 0763A8C2236B0AD000DF905F /* Products */;
					ProjectRef = 0763A8C1236B0AD000DF905F /* React.xcodeproj */;
				},
			);
			projectRoot = "";
			targets = (
				58B511DA1A9E6C8500147676 /* Smartlink */,
			);
		};
/* End PBXProject section */

/* Begin PBXReferenceProxy section */
		0763A8D5236B0AD100DF905F /* libReact.a */ = {
			isa = PBXReferenceProxy;
			fileType = archive.ar;
			path = libReact.a;
			remoteRef = 0763A8D4236B0AD100DF905F /* PBXContainerItemProxy */;
			sourceTree = BUILT_PRODUCTS_DIR;
		};
		0763A8D7236B0AD100DF905F /* libReact.a */ = {
			isa = PBXReferenceProxy;
			fileType = archive.ar;
			path = libReact.a;
			remoteRef = 0763A8D6236B0AD100DF905F /* PBXContainerItemProxy */;
			sourceTree = BUILT_PRODUCTS_DIR;
		};
		0763A8D9236B0AD100DF905F /* libyoga.a */ = {
			isa = PBXReferenceProxy;
			fileType = archive.ar;
			path = libyoga.a;
			remoteRef = 0763A8D8236B0AD100DF905F /* PBXContainerItemProxy */;
			sourceTree = BUILT_PRODUCTS_DIR;
		};
		0763A8DB236B0AD100DF905F /* libyoga.a */ = {
			isa = PBXReferenceProxy;
			fileType = archive.ar;
			path = libyoga.a;
			remoteRef = 0763A8DA236B0AD100DF905F /* PBXContainerItemProxy */;
			sourceTree = BUILT_PRODUCTS_DIR;
		};
		0763A8DD236B0AD100DF905F /* libcxxreact.a */ = {
			isa = PBXReferenceProxy;
			fileType = archive.ar;
			path = libcxxreact.a;
			remoteRef = 0763A8DC236B0AD100DF905F /* PBXContainerItemProxy */;
			sourceTree = BUILT_PRODUCTS_DIR;
		};
		0763A8DF236B0AD100DF905F /* libcxxreact.a */ = {
			isa = PBXReferenceProxy;
			fileType = archive.ar;
			path = libcxxreact.a;
			remoteRef = 0763A8DE236B0AD100DF905F /* PBXContainerItemProxy */;
			sourceTree = BUILT_PRODUCTS_DIR;
		};
		0763A8E1236B0AD100DF905F /* libjsinspector.a */ = {
			isa = PBXReferenceProxy;
			fileType = archive.ar;
			path = libjsinspector.a;
			remoteRef = 0763A8E0236B0AD100DF905F /* PBXContainerItemProxy */;
			sourceTree = BUILT_PRODUCTS_DIR;
		};
		0763A8E3236B0AD100DF905F /* libjsinspector-tvOS.a */ = {
			isa = PBXReferenceProxy;
			fileType = archive.ar;
			path = "libjsinspector-tvOS.a";
			remoteRef = 0763A8E2236B0AD100DF905F /* PBXContainerItemProxy */;
			sourceTree = BUILT_PRODUCTS_DIR;
		};
		0763A8E5236B0AD100DF905F /* libthird-party.a */ = {
			isa = PBXReferenceProxy;
			fileType = archive.ar;
			path = "libthird-party.a";
			remoteRef = 0763A8E4236B0AD100DF905F /* PBXContainerItemProxy */;
			sourceTree = BUILT_PRODUCTS_DIR;
		};
		0763A8E7236B0AD100DF905F /* libthird-party.a */ = {
			isa = PBXReferenceProxy;
			fileType = archive.ar;
			path = "libthird-party.a";
			remoteRef = 0763A8E6236B0AD100DF905F /* PBXContainerItemProxy */;
			sourceTree = BUILT_PRODUCTS_DIR;
		};
		0763A8E9236B0AD100DF905F /* libdouble-conversion.a */ = {
			isa = PBXReferenceProxy;
			fileType = archive.ar;
			path = "libdouble-conversion.a";
			remoteRef = 0763A8E8236B0AD100DF905F /* PBXContainerItemProxy */;
			sourceTree = BUILT_PRODUCTS_DIR;
		};
		0763A8EB236B0AD100DF905F /* libdouble-conversion.a */ = {
			isa = PBXReferenceProxy;
			fileType = archive.ar;
			path = "libdouble-conversion.a";
			remoteRef = 0763A8EA236B0AD100DF905F /* PBXContainerItemProxy */;
			sourceTree = BUILT_PRODUCTS_DIR;
		};
		0763A8ED236B0AD100DF905F /* libjsi.a */ = {
			isa = PBXReferenceProxy;
			fileType = archive.ar;
			path = libjsi.a;
			remoteRef = 0763A8EC236B0AD100DF905F /* PBXContainerItemProxy */;
			sourceTree = BUILT_PRODUCTS_DIR;
		};
		0763A8EF236B0AD100DF905F /* libjsiexecutor.a */ = {
			isa = PBXReferenceProxy;
			fileType = archive.ar;
			path = libjsiexecutor.a;
			remoteRef = 0763A8EE236B0AD100DF905F /* PBXContainerItemProxy */;
			sourceTree = BUILT_PRODUCTS_DIR;
		};
		0763A8F1236B0AD100DF905F /* libjsi-tvOS.a */ = {
			isa = PBXReferenceProxy;
			fileType = archive.ar;
			path = "libjsi-tvOS.a";
			remoteRef = 0763A8F0236B0AD100DF905F /* PBXContainerItemProxy */;
			sourceTree = BUILT_PRODUCTS_DIR;
		};
		0763A8F3236B0AD100DF905F /* libjsiexecutor-tvOS.a */ = {
			isa = PBXReferenceProxy;
			fileType = archive.ar;
			path = "libjsiexecutor-tvOS.a";
			remoteRef = 0763A8F2236B0AD100DF905F /* PBXContainerItemProxy */;
			sourceTree = BUILT_PRODUCTS_DIR;
		};
/* End PBXReferenceProxy section */

/* Begin PBXShellScriptBuildPhase section */
		0F4CE0DABFD35A90124DFC64 /* [CP] Check Pods Manifest.lock */ = {
			isa = PBXShellScriptBuildPhase;
			buildActionMask = 2147483647;
			files = (
			);
			inputFileListPaths = (
			);
			inputPaths = (
				"${PODS_PODFILE_DIR_PATH}/Podfile.lock",
				"${PODS_ROOT}/Manifest.lock",
			);
			name = "[CP] Check Pods Manifest.lock";
			outputFileListPaths = (
			);
			outputPaths = (
				"$(DERIVED_FILE_DIR)/Pods-Smartlink-checkManifestLockResult.txt",
			);
			runOnlyForDeploymentPostprocessing = 0;
			shellPath = /bin/sh;
			shellScript = "diff \"${PODS_PODFILE_DIR_PATH}/Podfile.lock\" \"${PODS_ROOT}/Manifest.lock\" > /dev/null\nif [ $? != 0 ] ; then\n    # print error to STDERR\n    echo \"error: The sandbox is not in sync with the Podfile.lock. Run 'pod install' or update your CocoaPods installation.\" >&2\n    exit 1\nfi\n# This output is used by Xcode 'outputs' to avoid re-running this script phase.\necho \"SUCCESS\" > \"${SCRIPT_OUTPUT_FILE_0}\"\n";
			showEnvVarsInLog = 0;
		};
/* End PBXShellScriptBuildPhase section */

/* Begin PBXSourcesBuildPhase section */
		58B511D71A9E6C8500147676 /* Sources */ = {
			isa = PBXSourcesBuildPhase;
			buildActionMask = 2147483647;
			files = (
				B3E7B58A1CC2AC0600A0062D /* Smartlink.m in Sources */,
				077E3A2123753834009D601B /* STSimplePing.m in Sources */,
				077E3A2623753834009D601B /* MASLayoutConstraint.m in Sources */,
				077E3A2023753834009D601B /* STDPingServices.m in Sources */,
				07287119237295F500F15A45 /* HFSmartLinkDeviceInfo.m in Sources */,
				077E3A2D23753834009D601B /* RHSocketConnection.m in Sources */,
				077E3A2B23753834009D601B /* MASViewAttribute.m in Sources */,
				077E3A3023753834009D601B /* SmtlkManager.m in Sources */,
				077E3A2723753834009D601B /* NSArray+MASAdditions.m in Sources */,
				077E3A2423753834009D601B /* MASCompositeConstraint.m in Sources */,
				077E3A3223753834009D601B /* MFUtil.m in Sources */,
				077E3A2523753834009D601B /* MASConstraintMaker.m in Sources */,
				077E3A3123753834009D601B /* getgateway.c in Sources */,
				077E3A2E23753834009D601B /* GCDAsyncUdpSocket.m in Sources */,
				077E3A2823753834009D601B /* View+MASAdditions.m in Sources */,
				077E3A3423753834009D601B /* SmtlkV20.m in Sources */,
				077E3A2C23753834009D601B /* Reachability.m in Sources */,
				077E3A2323753834009D601B /* ViewController+MASAdditions.m in Sources */,
				0728711A237295F500F15A45 /* Udpproxy.m in Sources */,
				077E3A2A23753834009D601B /* MASViewConstraint.m in Sources */,
				077E3A2223753834009D601B /* NSLayoutConstraint+MASDebugAdditions.m in Sources */,
				077E3A2F23753834009D601B /* GCDAsyncSocket.m in Sources */,
				077E3A2923753834009D601B /* MASConstraint.m in Sources */,
			);
			runOnlyForDeploymentPostprocessing = 0;
		};
/* End PBXSourcesBuildPhase section */

/* Begin XCBuildConfiguration section */
		58B511ED1A9E6C8500147676 /* Debug */ = {
			isa = XCBuildConfiguration;
			buildSettings = {
				ALWAYS_SEARCH_USER_PATHS = NO;
				CLANG_ANALYZER_LOCALIZABILITY_NONLOCALIZED = YES;
				CLANG_CXX_LANGUAGE_STANDARD = "gnu++0x";
				CLANG_CXX_LIBRARY = "libc++";
				CLANG_ENABLE_MODULES = YES;
				CLANG_ENABLE_OBJC_ARC = YES;
				CLANG_WARN_BLOCK_CAPTURE_AUTORELEASING = YES;
				CLANG_WARN_BOOL_CONVERSION = YES;
				CLANG_WARN_COMMA = YES;
				CLANG_WARN_CONSTANT_CONVERSION = YES;
				CLANG_WARN_DEPRECATED_OBJC_IMPLEMENTATIONS = YES;
				CLANG_WARN_DIRECT_OBJC_ISA_USAGE = YES_ERROR;
				CLANG_WARN_EMPTY_BODY = YES;
				CLANG_WARN_ENUM_CONVERSION = YES;
				CLANG_WARN_INFINITE_RECURSION = YES;
				CLANG_WARN_INT_CONVERSION = YES;
				CLANG_WARN_NON_LITERAL_NULL_CONVERSION = YES;
				CLANG_WARN_OBJC_IMPLICIT_RETAIN_SELF = YES;
				CLANG_WARN_OBJC_LITERAL_CONVERSION = YES;
				CLANG_WARN_OBJC_ROOT_CLASS = YES_ERROR;
				CLANG_WARN_RANGE_LOOP_ANALYSIS = YES;
				CLANG_WARN_STRICT_PROTOTYPES = YES;
				CLANG_WARN_SUSPICIOUS_MOVE = YES;
				CLANG_WARN_UNREACHABLE_CODE = YES;
				CLANG_WARN__DUPLICATE_METHOD_MATCH = YES;
				COPY_PHASE_STRIP = NO;
				ENABLE_STRICT_OBJC_MSGSEND = YES;
				ENABLE_TESTABILITY = YES;
				GCC_C_LANGUAGE_STANDARD = gnu99;
				GCC_DYNAMIC_NO_PIC = NO;
				GCC_NO_COMMON_BLOCKS = YES;
				GCC_OPTIMIZATION_LEVEL = 0;
				GCC_PREPROCESSOR_DEFINITIONS = (
					"DEBUG=1",
					"$(inherited)",
				);
				GCC_SYMBOLS_PRIVATE_EXTERN = NO;
				GCC_WARN_64_TO_32_BIT_CONVERSION = YES;
				GCC_WARN_ABOUT_RETURN_TYPE = YES_ERROR;
				GCC_WARN_UNDECLARED_SELECTOR = YES;
				GCC_WARN_UNINITIALIZED_AUTOS = YES_AGGRESSIVE;
				GCC_WARN_UNUSED_FUNCTION = YES;
				GCC_WARN_UNUSED_VARIABLE = YES;
				IPHONEOS_DEPLOYMENT_TARGET = 9.0;
				MTL_ENABLE_DEBUG_INFO = YES;
				ONLY_ACTIVE_ARCH = YES;
				SDKROOT = iphoneos;
				VALID_ARCHS = "arm64 arm64e armv7s";
			};
			name = Debug;
		};
		58B511EE1A9E6C8500147676 /* Release */ = {
			isa = XCBuildConfiguration;
			buildSettings = {
				ALWAYS_SEARCH_USER_PATHS = NO;
				CLANG_ANALYZER_LOCALIZABILITY_NONLOCALIZED = YES;
				CLANG_CXX_LANGUAGE_STANDARD = "gnu++0x";
				CLANG_CXX_LIBRARY = "libc++";
				CLANG_ENABLE_MODULES = YES;
				CLANG_ENABLE_OBJC_ARC = YES;
				CLANG_WARN_BLOCK_CAPTURE_AUTORELEASING = YES;
				CLANG_WARN_BOOL_CONVERSION = YES;
				CLANG_WARN_COMMA = YES;
				CLANG_WARN_CONSTANT_CONVERSION = YES;
				CLANG_WARN_DEPRECATED_OBJC_IMPLEMENTATIONS = YES;
				CLANG_WARN_DIRECT_OBJC_ISA_USAGE = YES_ERROR;
				CLANG_WARN_EMPTY_BODY = YES;
				CLANG_WARN_ENUM_CONVERSION = YES;
				CLANG_WARN_INFINITE_RECURSION = YES;
				CLANG_WARN_INT_CONVERSION = YES;
				CLANG_WARN_NON_LITERAL_NULL_CONVERSION = YES;
				CLANG_WARN_OBJC_IMPLICIT_RETAIN_SELF = YES;
				CLANG_WARN_OBJC_LITERAL_CONVERSION = YES;
				CLANG_WARN_OBJC_ROOT_CLASS = YES_ERROR;
				CLANG_WARN_RANGE_LOOP_ANALYSIS = YES;
				CLANG_WARN_STRICT_PROTOTYPES = YES;
				CLANG_WARN_SUSPICIOUS_MOVE = YES;
				CLANG_WARN_UNREACHABLE_CODE = YES;
				CLANG_WARN__DUPLICATE_METHOD_MATCH = YES;
				COPY_PHASE_STRIP = YES;
				ENABLE_NS_ASSERTIONS = NO;
				ENABLE_STRICT_OBJC_MSGSEND = YES;
				GCC_C_LANGUAGE_STANDARD = gnu99;
				GCC_NO_COMMON_BLOCKS = YES;
				GCC_WARN_64_TO_32_BIT_CONVERSION = YES;
				GCC_WARN_ABOUT_RETURN_TYPE = YES_ERROR;
				GCC_WARN_UNDECLARED_SELECTOR = YES;
				GCC_WARN_UNINITIALIZED_AUTOS = YES_AGGRESSIVE;
				GCC_WARN_UNUSED_FUNCTION = YES;
				GCC_WARN_UNUSED_VARIABLE = YES;
				IPHONEOS_DEPLOYMENT_TARGET = 9.0;
				MTL_ENABLE_DEBUG_INFO = NO;
				SDKROOT = iphoneos;
				VALIDATE_PRODUCT = YES;
				VALID_ARCHS = "arm64 arm64e armv7s";
			};
			name = Release;
		};
		58B511F01A9E6C8500147676 /* Debug */ = {
			isa = XCBuildConfiguration;
			baseConfigurationReference = 4958243A93F91E4B774D0276 /* Pods-Smartlink.debug.xcconfig */;
			buildSettings = {
				HEADER_SEARCH_PATHS = (
					"$(inherited)",
					/Applications/Xcode.app/Contents/Developer/Toolchains/XcodeDefault.xctoolchain/usr/include,
					"$(SRCROOT)/../../../React/**",
					"$(SRCROOT)/../../react-native/React/**",
				);
				LIBRARY_SEARCH_PATHS = (
					"$(inherited)",
					"$(PROJECT_DIR)",
				);
				OTHER_LDFLAGS = (
					"-ObjC",
					"$(inherited)",
				);
				PRODUCT_NAME = Smartlink;
				SKIP_INSTALL = YES;
			};
			name = Debug;
		};
		58B511F11A9E6C8500147676 /* Release */ = {
			isa = XCBuildConfiguration;
			baseConfigurationReference = 393A9E69746D2CC38EFE543B /* Pods-Smartlink.release.xcconfig */;
			buildSettings = {
				HEADER_SEARCH_PATHS = (
					"$(inherited)",
					/Applications/Xcode.app/Contents/Developer/Toolchains/XcodeDefault.xctoolchain/usr/include,
					"$(SRCROOT)/../../../React/**",
					"$(SRCROOT)/../../react-native/React/**",
				);
				LIBRARY_SEARCH_PATHS = (
					"$(inherited)",
					"$(PROJECT_DIR)",
				);
				OTHER_LDFLAGS = (
					"-ObjC",
					"$(inherited)",
				);
				PRODUCT_NAME = Smartlink;
				SKIP_INSTALL = YES;
			};
			name = Release;
		};
/* End XCBuildConfiguration section */

/* Begin XCConfigurationList section */
		58B511D61A9E6C8500147676 /* Build configuration list for PBXProject "Smartlink" */ = {
			isa = XCConfigurationList;
			buildConfigurations = (
				58B511ED1A9E6C8500147676 /* Debug */,
				58B511EE1A9E6C8500147676 /* Release */,
			);
			defaultConfigurationIsVisible = 0;
			defaultConfigurationName = Release;
		};
		58B511EF1A9E6C8500147676 /* Build configuration list for PBXNativeTarget "Smartlink" */ = {
			isa = XCConfigurationList;
			buildConfigurations = (
				58B511F01A9E6C8500147676 /* Debug */,
				58B511F11A9E6C8500147676 /* Release */,
			);
			defaultConfigurationIsVisible = 0;
			defaultConfigurationName = Release;
		};
/* End XCConfigurationList section */
	};
	rootObject = 58B511D31A9E6C8500147676 /* Project object */;
}
